// !$*UTF8*$!
{
	archiveVersion = 1;
	classes = {
	};
	objectVersion = 51;
	objects = {

/* Begin PBXBuildFile section */
		66A32FE345BB8AA31D85C386 /* Pods_Yeshivat_Torat_Shraga.framework in Frameworks */ = {isa = PBXBuildFile; fileRef = 3023F3BF7A4DF401C4D47B74 /* Pods_Yeshivat_Torat_Shraga.framework */; };
		B12AB831273B103C00B17CC0 /* AppDelegate.swift in Sources */ = {isa = PBXBuildFile; fileRef = B12AB830273B103C00B17CC0 /* AppDelegate.swift */; };
		B12AB833273B103C00B17CC0 /* SceneDelegate.swift in Sources */ = {isa = PBXBuildFile; fileRef = B12AB832273B103C00B17CC0 /* SceneDelegate.swift */; };
		B12AB835273B103C00B17CC0 /* RootView.swift in Sources */ = {isa = PBXBuildFile; fileRef = B12AB834273B103C00B17CC0 /* RootView.swift */; };
		B12AB838273B103C00B17CC0 /* Yeshivat_Torat_Shraga.xcdatamodeld in Sources */ = {isa = PBXBuildFile; fileRef = B12AB836273B103C00B17CC0 /* Yeshivat_Torat_Shraga.xcdatamodeld */; };
		B12AB83A273B104300B17CC0 /* Assets.xcassets in Resources */ = {isa = PBXBuildFile; fileRef = B12AB839273B104300B17CC0 /* Assets.xcassets */; };
		B12AB83D273B104300B17CC0 /* Preview Assets.xcassets in Resources */ = {isa = PBXBuildFile; fileRef = B12AB83C273B104300B17CC0 /* Preview Assets.xcassets */; };
		B12AB840273B104300B17CC0 /* LaunchScreen.storyboard in Resources */ = {isa = PBXBuildFile; fileRef = B12AB83E273B104300B17CC0 /* LaunchScreen.storyboard */; };
		B1684ACF274AC59000C51773 /* ContentCardView.swift in Sources */ = {isa = PBXBuildFile; fileRef = B1684ACE274AC59000C51773 /* ContentCardView.swift */; };
		B1ACF92127443FB000079F9A /* DisplayRabbiView.swift in Sources */ = {isa = PBXBuildFile; fileRef = B1ACF92027443FB000079F9A /* DisplayRabbiView.swift */; };
		B1ACF9242744497E00079F9A /* DisplayRabbiModel.swift in Sources */ = {isa = PBXBuildFile; fileRef = B1ACF9232744497E00079F9A /* DisplayRabbiModel.swift */; };
		B1ACF927274456F900079F9A /* LogoView.swift in Sources */ = {isa = PBXBuildFile; fileRef = B1ACF926274456F900079F9A /* LogoView.swift */; };
		B1BF503D273C868C00CF18D6 /* HomeView.swift in Sources */ = {isa = PBXBuildFile; fileRef = B1BF503C273C868B00CF18D6 /* HomeView.swift */; };
		B1BF503F273D1C9A00CF18D6 /* HomeViewModel.swift in Sources */ = {isa = PBXBuildFile; fileRef = B1BF503E273D1C9A00CF18D6 /* HomeViewModel.swift */; };
		B1BF5043273D2A2200CF18D6 /* TileCardView.swift in Sources */ = {isa = PBXBuildFile; fileRef = B1BF5042273D2A2200CF18D6 /* TileCardView.swift */; };
		B1BF5046273D37BD00CF18D6 /* UI.swift in Sources */ = {isa = PBXBuildFile; fileRef = B1BF5045273D37BD00CF18D6 /* UI.swift */; };
		F230C4CA273B110900F7ACCC /* RootModel.swift in Sources */ = {isa = PBXBuildFile; fileRef = F230C4C9273B110900F7ACCC /* RootModel.swift */; };
		F230C4D3273BE58B00F7ACCC /* YTS.swift in Sources */ = {isa = PBXBuildFile; fileRef = F230C4D2273BE58B00F7ACCC /* YTS.swift */; };
		F230C4D5273BE81E00F7ACCC /* Errors.swift in Sources */ = {isa = PBXBuildFile; fileRef = F230C4D4273BE81E00F7ACCC /* Errors.swift */; };
		F230C4D7273DC61800F7ACCC /* GoogleService-Info.plist in Resources */ = {isa = PBXBuildFile; fileRef = F230C4D6273DC61800F7ACCC /* GoogleService-Info.plist */; };
		F230C4DC2740454F00F7ACCC /* FirebaseConnection.swift in Sources */ = {isa = PBXBuildFile; fileRef = F230C4DB2740454F00F7ACCC /* FirebaseConnection.swift */; };
		F2BB3175274BCC97008B9DE0 /* AudioPlayer.swift in Sources */ = {isa = PBXBuildFile; fileRef = F2BB3174274BCC97008B9DE0 /* AudioPlayer.swift */; };
		F2BB3177274BCDAB008B9DE0 /* Player.swift in Sources */ = {isa = PBXBuildFile; fileRef = F2BB3176274BCDAB008B9DE0 /* Player.swift */; };
		F2F44C75274A6D4100F7D337 /* YTSProgressViewStyle.swift in Sources */ = {isa = PBXBuildFile; fileRef = F2F44C74274A6D4100F7D337 /* YTSProgressViewStyle.swift */; };
/* End PBXBuildFile section */

/* Begin PBXFileReference section */
		3023F3BF7A4DF401C4D47B74 /* Pods_Yeshivat_Torat_Shraga.framework */ = {isa = PBXFileReference; explicitFileType = wrapper.framework; includeInIndex = 0; path = Pods_Yeshivat_Torat_Shraga.framework; sourceTree = BUILT_PRODUCTS_DIR; };
		68B3D46B8CAFBEA77991F396 /* Pods-Yeshivat Torat Shraga.release.xcconfig */ = {isa = PBXFileReference; includeInIndex = 1; lastKnownFileType = text.xcconfig; name = "Pods-Yeshivat Torat Shraga.release.xcconfig"; path = "Target Support Files/Pods-Yeshivat Torat Shraga/Pods-Yeshivat Torat Shraga.release.xcconfig"; sourceTree = "<group>"; };
		88B35F345FFF10D081486FF5 /* Pods-Yeshivat Torat Shraga.debug.xcconfig */ = {isa = PBXFileReference; includeInIndex = 1; lastKnownFileType = text.xcconfig; name = "Pods-Yeshivat Torat Shraga.debug.xcconfig"; path = "Target Support Files/Pods-Yeshivat Torat Shraga/Pods-Yeshivat Torat Shraga.debug.xcconfig"; sourceTree = "<group>"; };
		B12AB82D273B103C00B17CC0 /* Yeshivat Torat Shraga.app */ = {isa = PBXFileReference; explicitFileType = wrapper.application; includeInIndex = 0; path = "Yeshivat Torat Shraga.app"; sourceTree = BUILT_PRODUCTS_DIR; };
		B12AB830273B103C00B17CC0 /* AppDelegate.swift */ = {isa = PBXFileReference; lastKnownFileType = sourcecode.swift; path = AppDelegate.swift; sourceTree = "<group>"; };
		B12AB832273B103C00B17CC0 /* SceneDelegate.swift */ = {isa = PBXFileReference; lastKnownFileType = sourcecode.swift; path = SceneDelegate.swift; sourceTree = "<group>"; };
		B12AB834273B103C00B17CC0 /* RootView.swift */ = {isa = PBXFileReference; lastKnownFileType = sourcecode.swift; path = RootView.swift; sourceTree = "<group>"; };
		B12AB837273B103C00B17CC0 /* Yeshivat_Torat_Shraga.xcdatamodel */ = {isa = PBXFileReference; lastKnownFileType = wrapper.xcdatamodel; path = Yeshivat_Torat_Shraga.xcdatamodel; sourceTree = "<group>"; };
		B12AB839273B104300B17CC0 /* Assets.xcassets */ = {isa = PBXFileReference; lastKnownFileType = folder.assetcatalog; path = Assets.xcassets; sourceTree = "<group>"; };
		B12AB83C273B104300B17CC0 /* Preview Assets.xcassets */ = {isa = PBXFileReference; lastKnownFileType = folder.assetcatalog; path = "Preview Assets.xcassets"; sourceTree = "<group>"; };
		B12AB83F273B104300B17CC0 /* Base */ = {isa = PBXFileReference; lastKnownFileType = file.storyboard; name = Base; path = Base.lproj/LaunchScreen.storyboard; sourceTree = "<group>"; };
		B12AB841273B104300B17CC0 /* Info.plist */ = {isa = PBXFileReference; lastKnownFileType = text.plist.xml; path = Info.plist; sourceTree = "<group>"; };
		B1684ACE274AC59000C51773 /* ContentCardView.swift */ = {isa = PBXFileReference; lastKnownFileType = sourcecode.swift; path = ContentCardView.swift; sourceTree = "<group>"; };
		B1ACF92027443FB000079F9A /* DisplayRabbiView.swift */ = {isa = PBXFileReference; lastKnownFileType = sourcecode.swift; path = DisplayRabbiView.swift; sourceTree = "<group>"; };
		B1ACF9232744497E00079F9A /* DisplayRabbiModel.swift */ = {isa = PBXFileReference; lastKnownFileType = sourcecode.swift; path = DisplayRabbiModel.swift; sourceTree = "<group>"; };
		B1ACF926274456F900079F9A /* LogoView.swift */ = {isa = PBXFileReference; lastKnownFileType = sourcecode.swift; path = LogoView.swift; sourceTree = "<group>"; };
		B1BF503C273C868B00CF18D6 /* HomeView.swift */ = {isa = PBXFileReference; lastKnownFileType = sourcecode.swift; path = HomeView.swift; sourceTree = "<group>"; };
		B1BF503E273D1C9A00CF18D6 /* HomeViewModel.swift */ = {isa = PBXFileReference; lastKnownFileType = sourcecode.swift; path = HomeViewModel.swift; sourceTree = "<group>"; };
		B1BF5042273D2A2200CF18D6 /* TileCardView.swift */ = {isa = PBXFileReference; lastKnownFileType = sourcecode.swift; path = TileCardView.swift; sourceTree = "<group>"; };
		B1BF5045273D37BD00CF18D6 /* UI.swift */ = {isa = PBXFileReference; lastKnownFileType = sourcecode.swift; path = UI.swift; sourceTree = "<group>"; };
		F230C4C9273B110900F7ACCC /* RootModel.swift */ = {isa = PBXFileReference; lastKnownFileType = sourcecode.swift; path = RootModel.swift; sourceTree = "<group>"; };
		F230C4D2273BE58B00F7ACCC /* YTS.swift */ = {isa = PBXFileReference; lastKnownFileType = sourcecode.swift; path = YTS.swift; sourceTree = "<group>"; };
		F230C4D4273BE81E00F7ACCC /* Errors.swift */ = {isa = PBXFileReference; lastKnownFileType = sourcecode.swift; path = Errors.swift; sourceTree = "<group>"; };
		F230C4D6273DC61800F7ACCC /* GoogleService-Info.plist */ = {isa = PBXFileReference; fileEncoding = 4; lastKnownFileType = text.plist.xml; path = "GoogleService-Info.plist"; sourceTree = "<group>"; };
		F230C4DB2740454F00F7ACCC /* FirebaseConnection.swift */ = {isa = PBXFileReference; lastKnownFileType = sourcecode.swift; path = FirebaseConnection.swift; sourceTree = "<group>"; };
		F2BB3174274BCC97008B9DE0 /* AudioPlayer.swift */ = {isa = PBXFileReference; lastKnownFileType = sourcecode.swift; path = AudioPlayer.swift; sourceTree = "<group>"; };
		F2BB3176274BCDAB008B9DE0 /* Player.swift */ = {isa = PBXFileReference; lastKnownFileType = sourcecode.swift; path = Player.swift; sourceTree = "<group>"; };
		F2F44C74274A6D4100F7D337 /* YTSProgressViewStyle.swift */ = {isa = PBXFileReference; lastKnownFileType = sourcecode.swift; path = YTSProgressViewStyle.swift; sourceTree = "<group>"; };
/* End PBXFileReference section */

/* Begin PBXFrameworksBuildPhase section */
		B12AB82A273B103C00B17CC0 /* Frameworks */ = {
			isa = PBXFrameworksBuildPhase;
			buildActionMask = 2147483647;
			files = (
				66A32FE345BB8AA31D85C386 /* Pods_Yeshivat_Torat_Shraga.framework in Frameworks */,
			);
			runOnlyForDeploymentPostprocessing = 0;
		};
/* End PBXFrameworksBuildPhase section */

/* Begin PBXGroup section */
		B12AB824273B103C00B17CC0 = {
			isa = PBXGroup;
			children = (
				B12AB82F273B103C00B17CC0 /* Yeshivat Torat Shraga */,
				B12AB82E273B103C00B17CC0 /* Products */,
				DDBA30DCECD219195C07B023 /* Frameworks */,
				C111B0ABFB42BD0B0930FF28 /* Pods */,
			);
			sourceTree = "<group>";
		};
		B12AB82E273B103C00B17CC0 /* Products */ = {
			isa = PBXGroup;
			children = (
				B12AB82D273B103C00B17CC0 /* Yeshivat Torat Shraga.app */,
			);
			name = Products;
			sourceTree = "<group>";
		};
		B12AB82F273B103C00B17CC0 /* Yeshivat Torat Shraga */ = {
			isa = PBXGroup;
			children = (
				F230C4D6273DC61800F7ACCC /* GoogleService-Info.plist */,
				F230C4DA274044DD00F7ACCC /* Code */,
				B12AB839273B104300B17CC0 /* Assets.xcassets */,
				B12AB83E273B104300B17CC0 /* LaunchScreen.storyboard */,
				B12AB841273B104300B17CC0 /* Info.plist */,
				B12AB836273B103C00B17CC0 /* Yeshivat_Torat_Shraga.xcdatamodeld */,
				B12AB83B273B104300B17CC0 /* Preview Content */,
			);
			path = "Yeshivat Torat Shraga";
			sourceTree = "<group>";
		};
		B12AB83B273B104300B17CC0 /* Preview Content */ = {
			isa = PBXGroup;
			children = (
				B12AB83C273B104300B17CC0 /* Preview Assets.xcassets */,
			);
			path = "Preview Content";
			sourceTree = "<group>";
		};
		B1BF5044273D37AE00CF18D6 /* Tools */ = {
			isa = PBXGroup;
			children = (
				B1BF5045273D37BD00CF18D6 /* UI.swift */,
			);
			path = Tools;
			sourceTree = "<group>";
		};
		C111B0ABFB42BD0B0930FF28 /* Pods */ = {
			isa = PBXGroup;
			children = (
				88B35F345FFF10D081486FF5 /* Pods-Yeshivat Torat Shraga.debug.xcconfig */,
				68B3D46B8CAFBEA77991F396 /* Pods-Yeshivat Torat Shraga.release.xcconfig */,
			);
			path = Pods;
			sourceTree = "<group>";
		};
		DDBA30DCECD219195C07B023 /* Frameworks */ = {
			isa = PBXGroup;
			children = (
				3023F3BF7A4DF401C4D47B74 /* Pods_Yeshivat_Torat_Shraga.framework */,
			);
			name = Frameworks;
			sourceTree = "<group>";
		};
		F230C4CB273B117D00F7ACCC /* Views */ = {
			isa = PBXGroup;
			children = (
				B12AB834273B103C00B17CC0 /* RootView.swift */,
				B1BF503C273C868B00CF18D6 /* HomeView.swift */,
				B1BF5042273D2A2200CF18D6 /* TileCardView.swift */,
				B1ACF92027443FB000079F9A /* DisplayRabbiView.swift */,
				B1ACF926274456F900079F9A /* LogoView.swift */,
				B1684ACE274AC59000C51773 /* ContentCardView.swift */,
				F2BB3174274BCC97008B9DE0 /* AudioPlayer.swift */,
			);
			path = Views;
			sourceTree = "<group>";
		};
		F230C4CE273B119E00F7ACCC /* Models */ = {
			isa = PBXGroup;
			children = (
				F230C4C9273B110900F7ACCC /* RootModel.swift */,
				B1BF503E273D1C9A00CF18D6 /* HomeViewModel.swift */,
				B1ACF9232744497E00079F9A /* DisplayRabbiModel.swift */,
				F2BB3176274BCDAB008B9DE0 /* Player.swift */,
			);
			path = Models;
			sourceTree = "<group>";
		};
		F230C4CF273B11DC00F7ACCC /* Delegates */ = {
			isa = PBXGroup;
			children = (
				B12AB830273B103C00B17CC0 /* AppDelegate.swift */,
				B12AB832273B103C00B17CC0 /* SceneDelegate.swift */,
			);
			path = Delegates;
			sourceTree = "<group>";
		};
		F230C4D1273BE57B00F7ACCC /* Structure */ = {
			isa = PBXGroup;
			children = (
				F230C4D2273BE58B00F7ACCC /* YTS.swift */,
				F230C4D4273BE81E00F7ACCC /* Errors.swift */,
				F230C4DB2740454F00F7ACCC /* FirebaseConnection.swift */,
			);
			path = Structure;
			sourceTree = "<group>";
		};
		F230C4DA274044DD00F7ACCC /* Code */ = {
			isa = PBXGroup;
			children = (
				F2F44C71274A6D0700F7D337 /* Styles */,
				B1BF5044273D37AE00CF18D6 /* Tools */,
				F230C4D1273BE57B00F7ACCC /* Structure */,
				F230C4CF273B11DC00F7ACCC /* Delegates */,
				F230C4CE273B119E00F7ACCC /* Models */,
				F230C4CB273B117D00F7ACCC /* Views */,
			);
			path = Code;
			sourceTree = "<group>";
		};
		F2F44C71274A6D0700F7D337 /* Styles */ = {
			isa = PBXGroup;
			children = (
				F2F44C74274A6D4100F7D337 /* YTSProgressViewStyle.swift */,
			);
			path = Styles;
			sourceTree = "<group>";
		};
/* End PBXGroup section */

/* Begin PBXNativeTarget section */
		B12AB82C273B103C00B17CC0 /* Yeshivat Torat Shraga */ = {
			isa = PBXNativeTarget;
			buildConfigurationList = B12AB844273B104300B17CC0 /* Build configuration list for PBXNativeTarget "Yeshivat Torat Shraga" */;
			buildPhases = (
				EDE065ACC6CCD22BB4A253C2 /* [CP] Check Pods Manifest.lock */,
				B12AB829273B103C00B17CC0 /* Sources */,
				B12AB82A273B103C00B17CC0 /* Frameworks */,
				B12AB82B273B103C00B17CC0 /* Resources */,
				7B86BE1E7B047E09C10875D5 /* [CP] Embed Pods Frameworks */,
			);
			buildRules = (
			);
			dependencies = (
			);
			name = "Yeshivat Torat Shraga";
			productName = "Yeshivat Torat Shraga";
			productReference = B12AB82D273B103C00B17CC0 /* Yeshivat Torat Shraga.app */;
			productType = "com.apple.product-type.application";
		};
/* End PBXNativeTarget section */

/* Begin PBXProject section */
		B12AB825273B103C00B17CC0 /* Project object */ = {
			isa = PBXProject;
			attributes = {
				LastSwiftUpdateCheck = 1240;
				LastUpgradeCheck = 1240;
				TargetAttributes = {
					B12AB82C273B103C00B17CC0 = {
						CreatedOnToolsVersion = 12.4;
					};
				};
			};
			buildConfigurationList = B12AB828273B103C00B17CC0 /* Build configuration list for PBXProject "Yeshivat Torat Shraga" */;
			compatibilityVersion = "Xcode 9.3";
			developmentRegion = en;
			hasScannedForEncodings = 0;
			knownRegions = (
				en,
				Base,
			);
			mainGroup = B12AB824273B103C00B17CC0;
			productRefGroup = B12AB82E273B103C00B17CC0 /* Products */;
			projectDirPath = "";
			projectRoot = "";
			targets = (
				B12AB82C273B103C00B17CC0 /* Yeshivat Torat Shraga */,
			);
		};
/* End PBXProject section */

/* Begin PBXResourcesBuildPhase section */
		B12AB82B273B103C00B17CC0 /* Resources */ = {
			isa = PBXResourcesBuildPhase;
			buildActionMask = 2147483647;
			files = (
				B12AB840273B104300B17CC0 /* LaunchScreen.storyboard in Resources */,
				F230C4D7273DC61800F7ACCC /* GoogleService-Info.plist in Resources */,
				B12AB83D273B104300B17CC0 /* Preview Assets.xcassets in Resources */,
				B12AB83A273B104300B17CC0 /* Assets.xcassets in Resources */,
			);
			runOnlyForDeploymentPostprocessing = 0;
		};
/* End PBXResourcesBuildPhase section */

/* Begin PBXShellScriptBuildPhase section */
		7B86BE1E7B047E09C10875D5 /* [CP] Embed Pods Frameworks */ = {
			isa = PBXShellScriptBuildPhase;
			buildActionMask = 2147483647;
			files = (
			);
			inputFileListPaths = (
				"${PODS_ROOT}/Target Support Files/Pods-Yeshivat Torat Shraga/Pods-Yeshivat Torat Shraga-frameworks-${CONFIGURATION}-input-files.xcfilelist",
			);
			name = "[CP] Embed Pods Frameworks";
			outputFileListPaths = (
				"${PODS_ROOT}/Target Support Files/Pods-Yeshivat Torat Shraga/Pods-Yeshivat Torat Shraga-frameworks-${CONFIGURATION}-output-files.xcfilelist",
			);
			runOnlyForDeploymentPostprocessing = 0;
			shellPath = /bin/sh;
			shellScript = "\"${PODS_ROOT}/Target Support Files/Pods-Yeshivat Torat Shraga/Pods-Yeshivat Torat Shraga-frameworks.sh\"\n";
			showEnvVarsInLog = 0;
		};
		EDE065ACC6CCD22BB4A253C2 /* [CP] Check Pods Manifest.lock */ = {
			isa = PBXShellScriptBuildPhase;
			buildActionMask = 2147483647;
			files = (
			);
			inputFileListPaths = (
			);
			inputPaths = (
				"${PODS_PODFILE_DIR_PATH}/Podfile.lock",
				"${PODS_ROOT}/Manifest.lock",
			);
			name = "[CP] Check Pods Manifest.lock";
			outputFileListPaths = (
			);
			outputPaths = (
				"$(DERIVED_FILE_DIR)/Pods-Yeshivat Torat Shraga-checkManifestLockResult.txt",
			);
			runOnlyForDeploymentPostprocessing = 0;
			shellPath = /bin/sh;
			shellScript = "diff \"${PODS_PODFILE_DIR_PATH}/Podfile.lock\" \"${PODS_ROOT}/Manifest.lock\" > /dev/null\nif [ $? != 0 ] ; then\n    # print error to STDERR\n    echo \"error: The sandbox is not in sync with the Podfile.lock. Run 'pod install' or update your CocoaPods installation.\" >&2\n    exit 1\nfi\n# This output is used by Xcode 'outputs' to avoid re-running this script phase.\necho \"SUCCESS\" > \"${SCRIPT_OUTPUT_FILE_0}\"\n";
			showEnvVarsInLog = 0;
		};
/* End PBXShellScriptBuildPhase section */

/* Begin PBXSourcesBuildPhase section */
		B12AB829273B103C00B17CC0 /* Sources */ = {
			isa = PBXSourcesBuildPhase;
			buildActionMask = 2147483647;
			files = (
				F230C4DC2740454F00F7ACCC /* FirebaseConnection.swift in Sources */,
				B12AB831273B103C00B17CC0 /* AppDelegate.swift in Sources */,
				B1BF503F273D1C9A00CF18D6 /* HomeViewModel.swift in Sources */,
				B12AB838273B103C00B17CC0 /* Yeshivat_Torat_Shraga.xcdatamodeld in Sources */,
				F230C4D3273BE58B00F7ACCC /* YTS.swift in Sources */,
				B12AB833273B103C00B17CC0 /* SceneDelegate.swift in Sources */,
				F2F44C75274A6D4100F7D337 /* YTSProgressViewStyle.swift in Sources */,
				B12AB835273B103C00B17CC0 /* RootView.swift in Sources */,
				B1BF5043273D2A2200CF18D6 /* TileCardView.swift in Sources */,
				B1684ACF274AC59000C51773 /* ContentCardView.swift in Sources */,
				B1BF503D273C868C00CF18D6 /* HomeView.swift in Sources */,
				F2BB3175274BCC97008B9DE0 /* AudioPlayer.swift in Sources */,
				B1ACF9242744497E00079F9A /* DisplayRabbiModel.swift in Sources */,
				B1ACF927274456F900079F9A /* LogoView.swift in Sources */,
				B1BF5046273D37BD00CF18D6 /* UI.swift in Sources */,
				F230C4CA273B110900F7ACCC /* RootModel.swift in Sources */,
				F2BB3177274BCDAB008B9DE0 /* Player.swift in Sources */,
				B1ACF92127443FB000079F9A /* DisplayRabbiView.swift in Sources */,
				F230C4D5273BE81E00F7ACCC /* Errors.swift in Sources */,
			);
			runOnlyForDeploymentPostprocessing = 0;
		};
/* End PBXSourcesBuildPhase section */

/* Begin PBXVariantGroup section */
		B12AB83E273B104300B17CC0 /* LaunchScreen.storyboard */ = {
			isa = PBXVariantGroup;
			children = (
				B12AB83F273B104300B17CC0 /* Base */,
			);
			name = LaunchScreen.storyboard;
			sourceTree = "<group>";
		};
/* End PBXVariantGroup section */

/* Begin XCBuildConfiguration section */
		B12AB842273B104300B17CC0 /* Debug */ = {
			isa = XCBuildConfiguration;
			buildSettings = {
				ALWAYS_SEARCH_USER_PATHS = NO;
				CLANG_ANALYZER_NONNULL = YES;
				CLANG_ANALYZER_NUMBER_OBJECT_CONVERSION = YES_AGGRESSIVE;
				CLANG_CXX_LANGUAGE_STANDARD = "gnu++14";
				CLANG_CXX_LIBRARY = "libc++";
				CLANG_ENABLE_MODULES = YES;
				CLANG_ENABLE_OBJC_ARC = YES;
				CLANG_ENABLE_OBJC_WEAK = YES;
				CLANG_WARN_BLOCK_CAPTURE_AUTORELEASING = YES;
				CLANG_WARN_BOOL_CONVERSION = YES;
				CLANG_WARN_COMMA = YES;
				CLANG_WARN_CONSTANT_CONVERSION = YES;
				CLANG_WARN_DEPRECATED_OBJC_IMPLEMENTATIONS = YES;
				CLANG_WARN_DIRECT_OBJC_ISA_USAGE = YES_ERROR;
				CLANG_WARN_DOCUMENTATION_COMMENTS = YES;
				CLANG_WARN_EMPTY_BODY = YES;
				CLANG_WARN_ENUM_CONVERSION = YES;
				CLANG_WARN_INFINITE_RECURSION = YES;
				CLANG_WARN_INT_CONVERSION = YES;
				CLANG_WARN_NON_LITERAL_NULL_CONVERSION = YES;
				CLANG_WARN_OBJC_IMPLICIT_RETAIN_SELF = YES;
				CLANG_WARN_OBJC_LITERAL_CONVERSION = YES;
				CLANG_WARN_OBJC_ROOT_CLASS = YES_ERROR;
				CLANG_WARN_QUOTED_INCLUDE_IN_FRAMEWORK_HEADER = YES;
				CLANG_WARN_RANGE_LOOP_ANALYSIS = YES;
				CLANG_WARN_STRICT_PROTOTYPES = YES;
				CLANG_WARN_SUSPICIOUS_MOVE = YES;
				CLANG_WARN_UNGUARDED_AVAILABILITY = YES_AGGRESSIVE;
				CLANG_WARN_UNREACHABLE_CODE = YES;
				CLANG_WARN__DUPLICATE_METHOD_MATCH = YES;
				COPY_PHASE_STRIP = NO;
				DEBUG_INFORMATION_FORMAT = dwarf;
				ENABLE_STRICT_OBJC_MSGSEND = YES;
				ENABLE_TESTABILITY = YES;
				GCC_C_LANGUAGE_STANDARD = gnu11;
				GCC_DYNAMIC_NO_PIC = NO;
				GCC_NO_COMMON_BLOCKS = YES;
				GCC_OPTIMIZATION_LEVEL = 0;
				GCC_PREPROCESSOR_DEFINITIONS = (
					"DEBUG=1",
					"$(inherited)",
				);
				GCC_WARN_64_TO_32_BIT_CONVERSION = YES;
				GCC_WARN_ABOUT_RETURN_TYPE = YES_ERROR;
				GCC_WARN_UNDECLARED_SELECTOR = YES;
				GCC_WARN_UNINITIALIZED_AUTOS = YES_AGGRESSIVE;
				GCC_WARN_UNUSED_FUNCTION = YES;
				GCC_WARN_UNUSED_VARIABLE = YES;
				IPHONEOS_DEPLOYMENT_TARGET = 14.4;
				MTL_ENABLE_DEBUG_INFO = INCLUDE_SOURCE;
				MTL_FAST_MATH = YES;
				ONLY_ACTIVE_ARCH = YES;
				SDKROOT = iphoneos;
				SWIFT_ACTIVE_COMPILATION_CONDITIONS = DEBUG;
				SWIFT_OPTIMIZATION_LEVEL = "-Onone";
			};
			name = Debug;
		};
		B12AB843273B104300B17CC0 /* Release */ = {
			isa = XCBuildConfiguration;
			buildSettings = {
				ALWAYS_SEARCH_USER_PATHS = NO;
				CLANG_ANALYZER_NONNULL = YES;
				CLANG_ANALYZER_NUMBER_OBJECT_CONVERSION = YES_AGGRESSIVE;
				CLANG_CXX_LANGUAGE_STANDARD = "gnu++14";
				CLANG_CXX_LIBRARY = "libc++";
				CLANG_ENABLE_MODULES = YES;
				CLANG_ENABLE_OBJC_ARC = YES;
				CLANG_ENABLE_OBJC_WEAK = YES;
				CLANG_WARN_BLOCK_CAPTURE_AUTORELEASING = YES;
				CLANG_WARN_BOOL_CONVERSION = YES;
				CLANG_WARN_COMMA = YES;
				CLANG_WARN_CONSTANT_CONVERSION = YES;
				CLANG_WARN_DEPRECATED_OBJC_IMPLEMENTATIONS = YES;
				CLANG_WARN_DIRECT_OBJC_ISA_USAGE = YES_ERROR;
				CLANG_WARN_DOCUMENTATION_COMMENTS = YES;
				CLANG_WARN_EMPTY_BODY = YES;
				CLANG_WARN_ENUM_CONVERSION = YES;
				CLANG_WARN_INFINITE_RECURSION = YES;
				CLANG_WARN_INT_CONVERSION = YES;
				CLANG_WARN_NON_LITERAL_NULL_CONVERSION = YES;
				CLANG_WARN_OBJC_IMPLICIT_RETAIN_SELF = YES;
				CLANG_WARN_OBJC_LITERAL_CONVERSION = YES;
				CLANG_WARN_OBJC_ROOT_CLASS = YES_ERROR;
				CLANG_WARN_QUOTED_INCLUDE_IN_FRAMEWORK_HEADER = YES;
				CLANG_WARN_RANGE_LOOP_ANALYSIS = YES;
				CLANG_WARN_STRICT_PROTOTYPES = YES;
				CLANG_WARN_SUSPICIOUS_MOVE = YES;
				CLANG_WARN_UNGUARDED_AVAILABILITY = YES_AGGRESSIVE;
				CLANG_WARN_UNREACHABLE_CODE = YES;
				CLANG_WARN__DUPLICATE_METHOD_MATCH = YES;
				COPY_PHASE_STRIP = NO;
				DEBUG_INFORMATION_FORMAT = "dwarf-with-dsym";
				ENABLE_NS_ASSERTIONS = NO;
				ENABLE_STRICT_OBJC_MSGSEND = YES;
				GCC_C_LANGUAGE_STANDARD = gnu11;
				GCC_NO_COMMON_BLOCKS = YES;
				GCC_WARN_64_TO_32_BIT_CONVERSION = YES;
				GCC_WARN_ABOUT_RETURN_TYPE = YES_ERROR;
				GCC_WARN_UNDECLARED_SELECTOR = YES;
				GCC_WARN_UNINITIALIZED_AUTOS = YES_AGGRESSIVE;
				GCC_WARN_UNUSED_FUNCTION = YES;
				GCC_WARN_UNUSED_VARIABLE = YES;
				IPHONEOS_DEPLOYMENT_TARGET = 14.4;
				MTL_ENABLE_DEBUG_INFO = NO;
				MTL_FAST_MATH = YES;
				SDKROOT = iphoneos;
				SWIFT_COMPILATION_MODE = wholemodule;
				SWIFT_OPTIMIZATION_LEVEL = "-O";
				VALIDATE_PRODUCT = YES;
			};
			name = Release;
		};
		B12AB845273B104300B17CC0 /* Debug */ = {
			isa = XCBuildConfiguration;
			baseConfigurationReference = 88B35F345FFF10D081486FF5 /* Pods-Yeshivat Torat Shraga.debug.xcconfig */;
			buildSettings = {
				ASSETCATALOG_COMPILER_APPICON_NAME = AppIcon;
				ASSETCATALOG_COMPILER_GLOBAL_ACCENT_COLOR_NAME = AccentColor;
				CODE_SIGN_STYLE = Automatic;
				DEVELOPMENT_ASSET_PATHS = "\"Yeshivat Torat Shraga/Preview Content\"";
				DEVELOPMENT_TEAM = YL279DNVQD;
				ENABLE_PREVIEWS = YES;
				INFOPLIST_FILE = "Yeshivat Torat Shraga/Info.plist";
				LD_RUNPATH_SEARCH_PATHS = (
					"$(inherited)",
					"@executable_path/Frameworks",
				);
				PRODUCT_BUNDLE_IDENTIFIER = "com.reesedevelopment.Yeshivat-Torat-Shraga";
				PRODUCT_NAME = "$(TARGET_NAME)";
				SWIFT_VERSION = 5.0;
				TARGETED_DEVICE_FAMILY = "1,2";
			};
			name = Debug;
		};
		B12AB846273B104300B17CC0 /* Release */ = {
			isa = XCBuildConfiguration;
			baseConfigurationReference = 68B3D46B8CAFBEA77991F396 /* Pods-Yeshivat Torat Shraga.release.xcconfig */;
			buildSettings = {
				ASSETCATALOG_COMPILER_APPICON_NAME = AppIcon;
				ASSETCATALOG_COMPILER_GLOBAL_ACCENT_COLOR_NAME = AccentColor;
				CODE_SIGN_STYLE = Automatic;
				DEVELOPMENT_ASSET_PATHS = "\"Yeshivat Torat Shraga/Preview Content\"";
				DEVELOPMENT_TEAM = YL279DNVQD;
				ENABLE_PREVIEWS = YES;
				INFOPLIST_FILE = "Yeshivat Torat Shraga/Info.plist";
				LD_RUNPATH_SEARCH_PATHS = (
					"$(inherited)",
					"@executable_path/Frameworks",
				);
				PRODUCT_BUNDLE_IDENTIFIER = "com.reesedevelopment.Yeshivat-Torat-Shraga";
				PRODUCT_NAME = "$(TARGET_NAME)";
				SWIFT_VERSION = 5.0;
				TARGETED_DEVICE_FAMILY = "1,2";
			};
			name = Release;
		};
/* End XCBuildConfiguration section */

/* Begin XCConfigurationList section */
		B12AB828273B103C00B17CC0 /* Build configuration list for PBXProject "Yeshivat Torat Shraga" */ = {
			isa = XCConfigurationList;
			buildConfigurations = (
				B12AB842273B104300B17CC0 /* Debug */,
				B12AB843273B104300B17CC0 /* Release */,
			);
			defaultConfigurationIsVisible = 0;
			defaultConfigurationName = Release;
		};
		B12AB844273B104300B17CC0 /* Build configuration list for PBXNativeTarget "Yeshivat Torat Shraga" */ = {
			isa = XCConfigurationList;
			buildConfigurations = (
				B12AB845273B104300B17CC0 /* Debug */,
				B12AB846273B104300B17CC0 /* Release */,
			);
			defaultConfigurationIsVisible = 0;
			defaultConfigurationName = Release;
		};
/* End XCConfigurationList section */

/* Begin XCVersionGroup section */
		B12AB836273B103C00B17CC0 /* Yeshivat_Torat_Shraga.xcdatamodeld */ = {
			isa = XCVersionGroup;
			children = (
				B12AB837273B103C00B17CC0 /* Yeshivat_Torat_Shraga.xcdatamodel */,
			);
			currentVersion = B12AB837273B103C00B17CC0 /* Yeshivat_Torat_Shraga.xcdatamodel */;
			path = Yeshivat_Torat_Shraga.xcdatamodeld;
			sourceTree = "<group>";
			versionGroupType = wrapper.xcdatamodel;
		};
/* End XCVersionGroup section */
	};
	rootObject = B12AB825273B103C00B17CC0 /* Project object */;
}
