// !$*UTF8*$!
{
	archiveVersion = 1;
	classes = {
	};
	objectVersion = 52;
	objects = {

/* Begin PBXBuildFile section */
		08173F0228400ADB004FC42F /* SubmitContentView.swift in Sources */ = {isa = PBXBuildFile; fileRef = 08173F0128400ADB004FC42F /* SubmitContentView.swift */; };
		08173F072840ACB9004FC42F /* SubmitContentModel.swift in Sources */ = {isa = PBXBuildFile; fileRef = 08173F062840ACB9004FC42F /* SubmitContentModel.swift */; };
		08173F0B2840B7C7004FC42F /* FirebaseAuth in Frameworks */ = {isa = PBXBuildFile; productRef = 08173F0A2840B7C7004FC42F /* FirebaseAuth */; };
		0827C1E4283A35CE00566B04 /* MarkdownUI in Frameworks */ = {isa = PBXBuildFile; productRef = 0827C1E3283A35CE00566B04 /* MarkdownUI */; };
		082872A32833EBE80002EB78 /* ParentTagView.swift in Sources */ = {isa = PBXBuildFile; fileRef = 082872A22833EBE80002EB78 /* ParentTagView.swift */; };
		082872A52833ED290002EB78 /* ParentTagModel.swift in Sources */ = {isa = PBXBuildFile; fileRef = 082872A42833ED290002EB78 /* ParentTagModel.swift */; };
		083AE1032799A770003A36ED /* NewsArticleView.swift in Sources */ = {isa = PBXBuildFile; fileRef = 083AE1022799A770003A36ED /* NewsArticleView.swift */; };
		08469DE52762D7D9007EF981 /* FavoritesView.swift in Sources */ = {isa = PBXBuildFile; fileRef = 08469DE42762D7D9007EF981 /* FavoritesView.swift */; };
		08469DE72762D878007EF981 /* NewsView.swift in Sources */ = {isa = PBXBuildFile; fileRef = 08469DE62762D878007EF981 /* NewsView.swift */; };
		0847BA292784A22A0097910A /* RabbiCardView.swift in Sources */ = {isa = PBXBuildFile; fileRef = 0847BA282784A22A0097910A /* RabbiCardView.swift */; };
		0848BF58281AF15A0060BBDA /* MoreModel.swift in Sources */ = {isa = PBXBuildFile; fileRef = 0848BF57281AF15A0060BBDA /* MoreModel.swift */; };
		084E99C32794760D00CCEED6 /* NewsModel.swift in Sources */ = {isa = PBXBuildFile; fileRef = 084E99C22794760D00CCEED6 /* NewsModel.swift */; };
		084E99C52794808F00CCEED6 /* NewsArticleCardView.swift in Sources */ = {isa = PBXBuildFile; fileRef = 084E99C42794808F00CCEED6 /* NewsArticleCardView.swift */; };
		085D438227B06C8C00F2F8FD /* FavoriteCardView.swift in Sources */ = {isa = PBXBuildFile; fileRef = 085D438127B06C8C00F2F8FD /* FavoriteCardView.swift */; };
		08756446275E6EC300D22856 /* MoreView.swift in Sources */ = {isa = PBXBuildFile; fileRef = 08756445275E6EC300D22856 /* MoreView.swift */; };
		087A5BF42761178100C077F6 /* VideoCardView.swift in Sources */ = {isa = PBXBuildFile; fileRef = 087A5BF32761178100C077F6 /* VideoCardView.swift */; };
		087A5BF62761179000C077F6 /* VideoCardModel.swift in Sources */ = {isa = PBXBuildFile; fileRef = 087A5BF52761179000C077F6 /* VideoCardModel.swift */; };
		087B985527ABD5CB00B09A90 /* ContentCardView.swift in Sources */ = {isa = PBXBuildFile; fileRef = 087B985427ABD5CB00B09A90 /* ContentCardView.swift */; };
		088A9CF6287F870C009D28EB /* NotificationService.swift in Sources */ = {isa = PBXBuildFile; fileRef = 088A9CF5287F870C009D28EB /* NotificationService.swift */; };
		088A9CFA287F870C009D28EB /* NotificationModifier.appex in Embed Foundation Extensions */ = {isa = PBXBuildFile; fileRef = 088A9CF3287F870C009D28EB /* NotificationModifier.appex */; settings = {ATTRIBUTES = (RemoveHeadersOnCopy, ); }; };
		08A05B2327653D4E00FEE15F /* TagView.swift in Sources */ = {isa = PBXBuildFile; fileRef = 08A05B2227653D4E00FEE15F /* TagView.swift */; };
		08A05B2527653DAA00FEE15F /* TagModel.swift in Sources */ = {isa = PBXBuildFile; fileRef = 08A05B2427653DAA00FEE15F /* TagModel.swift */; };
		08AF240E27A35315001331EA /* FavoritesModel.swift in Sources */ = {isa = PBXBuildFile; fileRef = 08AF240D27A35315001331EA /* FavoritesModel.swift */; };
		08B7A8452790358000B0EBC3 /* SlideshowView.swift in Sources */ = {isa = PBXBuildFile; fileRef = 08B7A8442790358000B0EBC3 /* SlideshowView.swift */; };
		08D3493D27CD26A000538697 /* OnboardingView.swift in Sources */ = {isa = PBXBuildFile; fileRef = 08D3493C27CD26A000538697 /* OnboardingView.swift */; };
		08EFBACD27A9996400900A90 /* logoDarkMode.gif in Resources */ = {isa = PBXBuildFile; fileRef = 08EFBACC27A9996400900A90 /* logoDarkMode.gif */; };
		08EFBACF27A9B67700900A90 /* logoLightMode.gif in Resources */ = {isa = PBXBuildFile; fileRef = 08EFBACE27A9B67700900A90 /* logoLightMode.gif */; };
		08F2AE18282C227D00E09367 /* AudioPlayerModel.swift in Sources */ = {isa = PBXBuildFile; fileRef = 08F2AE17282C227D00E09367 /* AudioPlayerModel.swift */; };
		08F2CCEE2811B7240094DAED /* LoadMoreBarView.swift in Sources */ = {isa = PBXBuildFile; fileRef = 08F2CCED2811B7240094DAED /* LoadMoreBarView.swift */; };
		08FA96C9277B2ED1006CC195 /* SearchModel.swift in Sources */ = {isa = PBXBuildFile; fileRef = 08FA96C8277B2ED1006CC195 /* SearchModel.swift */; };
		B12AB831273B103C00B17CC0 /* AppDelegate.swift in Sources */ = {isa = PBXBuildFile; fileRef = B12AB830273B103C00B17CC0 /* AppDelegate.swift */; };
		B12AB833273B103C00B17CC0 /* SceneDelegate.swift in Sources */ = {isa = PBXBuildFile; fileRef = B12AB832273B103C00B17CC0 /* SceneDelegate.swift */; };
		B12AB835273B103C00B17CC0 /* RootView.swift in Sources */ = {isa = PBXBuildFile; fileRef = B12AB834273B103C00B17CC0 /* RootView.swift */; };
		B12AB838273B103C00B17CC0 /* Yeshivat_Torat_Shraga.xcdatamodeld in Sources */ = {isa = PBXBuildFile; fileRef = B12AB836273B103C00B17CC0 /* Yeshivat_Torat_Shraga.xcdatamodeld */; };
		B12AB83A273B104300B17CC0 /* Assets.xcassets in Resources */ = {isa = PBXBuildFile; fileRef = B12AB839273B104300B17CC0 /* Assets.xcassets */; };
		B12AB83D273B104300B17CC0 /* Preview Assets.xcassets in Resources */ = {isa = PBXBuildFile; fileRef = B12AB83C273B104300B17CC0 /* Preview Assets.xcassets */; };
		B12AB840273B104300B17CC0 /* LaunchScreen.storyboard in Resources */ = {isa = PBXBuildFile; fileRef = B12AB83E273B104300B17CC0 /* LaunchScreen.storyboard */; };
		B1ACF92127443FB000079F9A /* DisplayRabbiView.swift in Sources */ = {isa = PBXBuildFile; fileRef = B1ACF92027443FB000079F9A /* DisplayRabbiView.swift */; };
		B1ACF9242744497E00079F9A /* DisplayRabbiModel.swift in Sources */ = {isa = PBXBuildFile; fileRef = B1ACF9232744497E00079F9A /* DisplayRabbiModel.swift */; };
		B1ACF927274456F900079F9A /* LogoView.swift in Sources */ = {isa = PBXBuildFile; fileRef = B1ACF926274456F900079F9A /* LogoView.swift */; };
		B1BF503D273C868C00CF18D6 /* HomeView.swift in Sources */ = {isa = PBXBuildFile; fileRef = B1BF503C273C868B00CF18D6 /* HomeView.swift */; };
		B1BF503F273D1C9A00CF18D6 /* HomeModel.swift in Sources */ = {isa = PBXBuildFile; fileRef = B1BF503E273D1C9A00CF18D6 /* HomeModel.swift */; };
		B1BF5043273D2A2200CF18D6 /* RabbiTileView.swift in Sources */ = {isa = PBXBuildFile; fileRef = B1BF5042273D2A2200CF18D6 /* RabbiTileView.swift */; };
		B1BF5046273D37BD00CF18D6 /* UI.swift in Sources */ = {isa = PBXBuildFile; fileRef = B1BF5045273D37BD00CF18D6 /* UI.swift */; };
		B1D0A2D9274BD1D500F7F0A5 /* AudioCardView.swift in Sources */ = {isa = PBXBuildFile; fileRef = B1D0A2D8274BD1D500F7F0A5 /* AudioCardView.swift */; };
		B1D0A2DB274BD24400F7F0A5 /* AudioCardModel.swift in Sources */ = {isa = PBXBuildFile; fileRef = B1D0A2DA274BD24400F7F0A5 /* AudioCardModel.swift */; };
		F202FEE827538F8100A41DEB /* BackZStackButtonStyle.swift in Sources */ = {isa = PBXBuildFile; fileRef = F202FEE727538F8100A41DEB /* BackZStackButtonStyle.swift */; };
		F2235D4727661CA3005E6086 /* EllipseButton.swift in Sources */ = {isa = PBXBuildFile; fileRef = F2235D4627661CA3005E6086 /* EllipseButton.swift */; };
		F22C913A2770A260007A9424 /* SearchView.swift in Sources */ = {isa = PBXBuildFile; fileRef = F22C91392770A260007A9424 /* SearchView.swift */; };
		F230C4CA273B110900F7ACCC /* RootModel.swift in Sources */ = {isa = PBXBuildFile; fileRef = F230C4C9273B110900F7ACCC /* RootModel.swift */; };
		F230C4D3273BE58B00F7ACCC /* YTS.swift in Sources */ = {isa = PBXBuildFile; fileRef = F230C4D2273BE58B00F7ACCC /* YTS.swift */; };
		F230C4D5273BE81E00F7ACCC /* Errors.swift in Sources */ = {isa = PBXBuildFile; fileRef = F230C4D4273BE81E00F7ACCC /* Errors.swift */; };
		F230C4DC2740454F00F7ACCC /* FirebaseConnection.swift in Sources */ = {isa = PBXBuildFile; fileRef = F230C4DB2740454F00F7ACCC /* FirebaseConnection.swift */; };
		F2469B1D291E758800C94FCE /* SearchedAudioCardView.swift in Sources */ = {isa = PBXBuildFile; fileRef = F2469B1C291E758800C94FCE /* SearchedAudioCardView.swift */; };
		F25038A4274EA1EC006FF802 /* Helpers.swift in Sources */ = {isa = PBXBuildFile; fileRef = F25038A3274EA1EC006FF802 /* Helpers.swift */; };
		F2570DDF27AAD3BF00BF7E7A /* LoadingPage.swift in Sources */ = {isa = PBXBuildFile; fileRef = F2570DDE27AAD3BF00BF7E7A /* LoadingPage.swift */; };
		F2570DE327AAE05B00BF7E7A /* LoadMoreView.swift in Sources */ = {isa = PBXBuildFile; fileRef = F2570DE227AAE05B00BF7E7A /* LoadMoreView.swift */; };
		F25AEDF027FECCFD00DCB79F /* FirebaseAnalytics in Frameworks */ = {isa = PBXBuildFile; productRef = F25AEDEF27FECCFD00DCB79F /* FirebaseAnalytics */; };
		F25AEDF227FECCFD00DCB79F /* FirebaseAppCheck in Frameworks */ = {isa = PBXBuildFile; productRef = F25AEDF127FECCFD00DCB79F /* FirebaseAppCheck */; };
		F25AEDF427FECCFD00DCB79F /* FirebaseDynamicLinks in Frameworks */ = {isa = PBXBuildFile; productRef = F25AEDF327FECCFD00DCB79F /* FirebaseDynamicLinks */; };
		F25AEDF627FECCFD00DCB79F /* FirebaseFirestore in Frameworks */ = {isa = PBXBuildFile; productRef = F25AEDF527FECCFD00DCB79F /* FirebaseFirestore */; };
		F25AEDF827FECCFD00DCB79F /* FirebaseFunctions in Frameworks */ = {isa = PBXBuildFile; productRef = F25AEDF727FECCFD00DCB79F /* FirebaseFunctions */; };
		F25AEDFA27FECCFD00DCB79F /* FirebaseStorage in Frameworks */ = {isa = PBXBuildFile; productRef = F25AEDF927FECCFD00DCB79F /* FirebaseStorage */; };
		F25AEDFD27FECEEB00DCB79F /* SwiftyGif in Frameworks */ = {isa = PBXBuildFile; productRef = F25AEDFC27FECEEB00DCB79F /* SwiftyGif */; };
		F25AEDFF27FECF8400DCB79F /* FirebaseMessaging in Frameworks */ = {isa = PBXBuildFile; productRef = F25AEDFE27FECF8400DCB79F /* FirebaseMessaging */; };
		F2638D5728035BED00E0AE88 /* GoogleService-Info.plist in Resources */ = {isa = PBXBuildFile; fileRef = F2638D5628035BED00E0AE88 /* GoogleService-Info.plist */; };
		F28E293B2758E2FB00D9F4AF /* TagTileView.swift in Sources */ = {isa = PBXBuildFile; fileRef = F28E293A2758E2FB00D9F4AF /* TagTileView.swift */; };
		F29B6875283B8E0000ECA1A6 /* AutoLoadMoreBarView.swift in Sources */ = {isa = PBXBuildFile; fileRef = F29B6874283B8E0000ECA1A6 /* AutoLoadMoreBarView.swift */; };
		F29FFB2727529CD4005D6355 /* MiniPlayer.swift in Sources */ = {isa = PBXBuildFile; fileRef = F29FFB2627529CD4005D6355 /* MiniPlayer.swift */; };
		F2BB3175274BCC97008B9DE0 /* AudioPlayer.swift in Sources */ = {isa = PBXBuildFile; fileRef = F2BB3174274BCC97008B9DE0 /* AudioPlayer.swift */; };
		F2BB3177274BCDAB008B9DE0 /* Player.swift in Sources */ = {isa = PBXBuildFile; fileRef = F2BB3176274BCDAB008B9DE0 /* Player.swift */; };
		F2BE2D5F288AD9BC0007A353 /* PendingShiurimView.swift in Sources */ = {isa = PBXBuildFile; fileRef = F2BE2D5E288AD9BC0007A353 /* PendingShiurimView.swift */; };
		F2BE2D61288ADA0C0007A353 /* PendingShiurimModel.swift in Sources */ = {isa = PBXBuildFile; fileRef = F2BE2D60288ADA0C0007A353 /* PendingShiurimModel.swift */; };
		F2D6E2C1282BC685000917D2 /* AboutView.swift in Sources */ = {isa = PBXBuildFile; fileRef = F2D6E2C0282BC685000917D2 /* AboutView.swift */; };
		F2D6E2C328328137000917D2 /* iOS14BorderedButtonStyle.swift in Sources */ = {isa = PBXBuildFile; fileRef = F2D6E2C228328137000917D2 /* iOS14BorderedButtonStyle.swift */; };
		F2D78B71278695EB003996A8 /* Favorites.swift in Sources */ = {isa = PBXBuildFile; fileRef = F2D78B70278695EB003996A8 /* Favorites.swift */; };
		F2F44C75274A6D4100F7D337 /* YTSProgressViewStyle.swift in Sources */ = {isa = PBXBuildFile; fileRef = F2F44C74274A6D4100F7D337 /* YTSProgressViewStyle.swift */; };
		F2F69C4F277C3A790069DCAE /* AppValidation.swift in Sources */ = {isa = PBXBuildFile; fileRef = F2F69C4E277C3A790069DCAE /* AppValidation.swift */; };
		F2FF99562927CB8B007B9407 /* ContentSpots.swift in Sources */ = {isa = PBXBuildFile; fileRef = F2FF99552927CB8B007B9407 /* ContentSpots.swift */; };
/* End PBXBuildFile section */

/* Begin PBXContainerItemProxy section */
		088A9CF8287F870C009D28EB /* PBXContainerItemProxy */ = {
			isa = PBXContainerItemProxy;
			containerPortal = B12AB825273B103C00B17CC0 /* Project object */;
			proxyType = 1;
			remoteGlobalIDString = 088A9CF2287F870C009D28EB;
			remoteInfo = NotificationModifier;
		};
/* End PBXContainerItemProxy section */

/* Begin PBXCopyFilesBuildPhase section */
		084A14F627C6DB94007F6449 /* Embed Foundation Extensions */ = {
			isa = PBXCopyFilesBuildPhase;
			buildActionMask = 2147483647;
			dstPath = "";
			dstSubfolderSpec = 13;
			files = (
				088A9CFA287F870C009D28EB /* NotificationModifier.appex in Embed Foundation Extensions */,
			);
			name = "Embed Foundation Extensions";
			runOnlyForDeploymentPostprocessing = 0;
		};
/* End PBXCopyFilesBuildPhase section */

/* Begin PBXFileReference section */
		08173F0128400ADB004FC42F /* SubmitContentView.swift */ = {isa = PBXFileReference; lastKnownFileType = sourcecode.swift; path = SubmitContentView.swift; sourceTree = "<group>"; };
		08173F062840ACB9004FC42F /* SubmitContentModel.swift */ = {isa = PBXFileReference; lastKnownFileType = sourcecode.swift; path = SubmitContentModel.swift; sourceTree = "<group>"; };
		082872A22833EBE80002EB78 /* ParentTagView.swift */ = {isa = PBXFileReference; lastKnownFileType = sourcecode.swift; path = ParentTagView.swift; sourceTree = "<group>"; };
		082872A42833ED290002EB78 /* ParentTagModel.swift */ = {isa = PBXFileReference; lastKnownFileType = sourcecode.swift; path = ParentTagModel.swift; sourceTree = "<group>"; };
		083AE1022799A770003A36ED /* NewsArticleView.swift */ = {isa = PBXFileReference; lastKnownFileType = sourcecode.swift; path = NewsArticleView.swift; sourceTree = "<group>"; };
		08469DE42762D7D9007EF981 /* FavoritesView.swift */ = {isa = PBXFileReference; lastKnownFileType = sourcecode.swift; path = FavoritesView.swift; sourceTree = "<group>"; };
		08469DE62762D878007EF981 /* NewsView.swift */ = {isa = PBXFileReference; lastKnownFileType = sourcecode.swift; path = NewsView.swift; sourceTree = "<group>"; };
		0847BA282784A22A0097910A /* RabbiCardView.swift */ = {isa = PBXFileReference; lastKnownFileType = sourcecode.swift; path = RabbiCardView.swift; sourceTree = "<group>"; };
		0848BF57281AF15A0060BBDA /* MoreModel.swift */ = {isa = PBXFileReference; lastKnownFileType = sourcecode.swift; path = MoreModel.swift; sourceTree = "<group>"; };
		084E99C22794760D00CCEED6 /* NewsModel.swift */ = {isa = PBXFileReference; lastKnownFileType = sourcecode.swift; path = NewsModel.swift; sourceTree = "<group>"; };
		084E99C42794808F00CCEED6 /* NewsArticleCardView.swift */ = {isa = PBXFileReference; lastKnownFileType = sourcecode.swift; path = NewsArticleCardView.swift; sourceTree = "<group>"; };
		085D438127B06C8C00F2F8FD /* FavoriteCardView.swift */ = {isa = PBXFileReference; lastKnownFileType = sourcecode.swift; path = FavoriteCardView.swift; sourceTree = "<group>"; };
		08756445275E6EC300D22856 /* MoreView.swift */ = {isa = PBXFileReference; lastKnownFileType = sourcecode.swift; path = MoreView.swift; sourceTree = "<group>"; };
		087A5BF32761178100C077F6 /* VideoCardView.swift */ = {isa = PBXFileReference; lastKnownFileType = sourcecode.swift; path = VideoCardView.swift; sourceTree = "<group>"; };
		087A5BF52761179000C077F6 /* VideoCardModel.swift */ = {isa = PBXFileReference; lastKnownFileType = sourcecode.swift; path = VideoCardModel.swift; sourceTree = "<group>"; };
		087B985427ABD5CB00B09A90 /* ContentCardView.swift */ = {isa = PBXFileReference; fileEncoding = 4; lastKnownFileType = sourcecode.swift; path = ContentCardView.swift; sourceTree = "<group>"; };
		088A9CF3287F870C009D28EB /* NotificationModifier.appex */ = {isa = PBXFileReference; explicitFileType = "wrapper.app-extension"; includeInIndex = 0; path = NotificationModifier.appex; sourceTree = BUILT_PRODUCTS_DIR; };
		088A9CF5287F870C009D28EB /* NotificationService.swift */ = {isa = PBXFileReference; lastKnownFileType = sourcecode.swift; path = NotificationService.swift; sourceTree = "<group>"; };
		088A9CF7287F870C009D28EB /* Info.plist */ = {isa = PBXFileReference; lastKnownFileType = text.plist.xml; path = Info.plist; sourceTree = "<group>"; };
		088A9CFF287F873E009D28EB /* NotificationModifier.entitlements */ = {isa = PBXFileReference; lastKnownFileType = text.plist.entitlements; path = NotificationModifier.entitlements; sourceTree = "<group>"; };
		08A05B2227653D4E00FEE15F /* TagView.swift */ = {isa = PBXFileReference; lastKnownFileType = sourcecode.swift; path = TagView.swift; sourceTree = "<group>"; };
		08A05B2427653DAA00FEE15F /* TagModel.swift */ = {isa = PBXFileReference; lastKnownFileType = sourcecode.swift; path = TagModel.swift; sourceTree = "<group>"; };
		08A5439727A80BD700B97D0F /* Yeshivat Torat Shraga.entitlements */ = {isa = PBXFileReference; lastKnownFileType = text.plist.entitlements; path = "Yeshivat Torat Shraga.entitlements"; sourceTree = "<group>"; };
		08AF240D27A35315001331EA /* FavoritesModel.swift */ = {isa = PBXFileReference; lastKnownFileType = sourcecode.swift; path = FavoritesModel.swift; sourceTree = "<group>"; };
		08B7A8442790358000B0EBC3 /* SlideshowView.swift */ = {isa = PBXFileReference; lastKnownFileType = sourcecode.swift; path = SlideshowView.swift; sourceTree = "<group>"; };
		08D3493C27CD26A000538697 /* OnboardingView.swift */ = {isa = PBXFileReference; lastKnownFileType = sourcecode.swift; path = OnboardingView.swift; sourceTree = "<group>"; };
		08EFBACC27A9996400900A90 /* logoDarkMode.gif */ = {isa = PBXFileReference; lastKnownFileType = image.gif; path = logoDarkMode.gif; sourceTree = "<group>"; };
		08EFBACE27A9B67700900A90 /* logoLightMode.gif */ = {isa = PBXFileReference; lastKnownFileType = image.gif; path = logoLightMode.gif; sourceTree = "<group>"; };
		08F2AE17282C227D00E09367 /* AudioPlayerModel.swift */ = {isa = PBXFileReference; lastKnownFileType = sourcecode.swift; path = AudioPlayerModel.swift; sourceTree = "<group>"; };
		08F2CCED2811B7240094DAED /* LoadMoreBarView.swift */ = {isa = PBXFileReference; lastKnownFileType = sourcecode.swift; path = LoadMoreBarView.swift; sourceTree = "<group>"; };
		08FA96C8277B2ED1006CC195 /* SearchModel.swift */ = {isa = PBXFileReference; lastKnownFileType = sourcecode.swift; path = SearchModel.swift; sourceTree = "<group>"; };
		08FABDFE27CFC43100BB84BE /* ExternalAccessory.framework */ = {isa = PBXFileReference; lastKnownFileType = wrapper.framework; name = ExternalAccessory.framework; path = System/Library/Frameworks/ExternalAccessory.framework; sourceTree = SDKROOT; };
		B12AB82D273B103C00B17CC0 /* Yeshivat Torat Shraga.app */ = {isa = PBXFileReference; explicitFileType = wrapper.application; includeInIndex = 0; path = "Yeshivat Torat Shraga.app"; sourceTree = BUILT_PRODUCTS_DIR; };
		B12AB830273B103C00B17CC0 /* AppDelegate.swift */ = {isa = PBXFileReference; lastKnownFileType = sourcecode.swift; path = AppDelegate.swift; sourceTree = "<group>"; };
		B12AB832273B103C00B17CC0 /* SceneDelegate.swift */ = {isa = PBXFileReference; lastKnownFileType = sourcecode.swift; path = SceneDelegate.swift; sourceTree = "<group>"; };
		B12AB834273B103C00B17CC0 /* RootView.swift */ = {isa = PBXFileReference; lastKnownFileType = sourcecode.swift; path = RootView.swift; sourceTree = "<group>"; };
		B12AB837273B103C00B17CC0 /* Yeshivat_Torat_Shraga.xcdatamodel */ = {isa = PBXFileReference; lastKnownFileType = wrapper.xcdatamodel; path = Yeshivat_Torat_Shraga.xcdatamodel; sourceTree = "<group>"; };
		B12AB839273B104300B17CC0 /* Assets.xcassets */ = {isa = PBXFileReference; lastKnownFileType = folder.assetcatalog; path = Assets.xcassets; sourceTree = "<group>"; };
		B12AB83C273B104300B17CC0 /* Preview Assets.xcassets */ = {isa = PBXFileReference; lastKnownFileType = folder.assetcatalog; path = "Preview Assets.xcassets"; sourceTree = "<group>"; };
		B12AB83F273B104300B17CC0 /* Base */ = {isa = PBXFileReference; lastKnownFileType = file.storyboard; name = Base; path = Base.lproj/LaunchScreen.storyboard; sourceTree = "<group>"; };
		B12AB841273B104300B17CC0 /* Info.plist */ = {isa = PBXFileReference; lastKnownFileType = text.plist.xml; path = Info.plist; sourceTree = "<group>"; };
		B1ACF92027443FB000079F9A /* DisplayRabbiView.swift */ = {isa = PBXFileReference; lastKnownFileType = sourcecode.swift; path = DisplayRabbiView.swift; sourceTree = "<group>"; };
		B1ACF9232744497E00079F9A /* DisplayRabbiModel.swift */ = {isa = PBXFileReference; lastKnownFileType = sourcecode.swift; path = DisplayRabbiModel.swift; sourceTree = "<group>"; };
		B1ACF926274456F900079F9A /* LogoView.swift */ = {isa = PBXFileReference; lastKnownFileType = sourcecode.swift; path = LogoView.swift; sourceTree = "<group>"; };
		B1BF503C273C868B00CF18D6 /* HomeView.swift */ = {isa = PBXFileReference; lastKnownFileType = sourcecode.swift; path = HomeView.swift; sourceTree = "<group>"; };
		B1BF503E273D1C9A00CF18D6 /* HomeModel.swift */ = {isa = PBXFileReference; lastKnownFileType = sourcecode.swift; path = HomeModel.swift; sourceTree = "<group>"; };
		B1BF5042273D2A2200CF18D6 /* RabbiTileView.swift */ = {isa = PBXFileReference; lastKnownFileType = sourcecode.swift; path = RabbiTileView.swift; sourceTree = "<group>"; };
		B1BF5045273D37BD00CF18D6 /* UI.swift */ = {isa = PBXFileReference; lastKnownFileType = sourcecode.swift; path = UI.swift; sourceTree = "<group>"; };
		B1D0A2D8274BD1D500F7F0A5 /* AudioCardView.swift */ = {isa = PBXFileReference; lastKnownFileType = sourcecode.swift; path = AudioCardView.swift; sourceTree = "<group>"; };
		B1D0A2DA274BD24400F7F0A5 /* AudioCardModel.swift */ = {isa = PBXFileReference; lastKnownFileType = sourcecode.swift; path = AudioCardModel.swift; sourceTree = "<group>"; };
		F202FEE727538F8100A41DEB /* BackZStackButtonStyle.swift */ = {isa = PBXFileReference; lastKnownFileType = sourcecode.swift; path = BackZStackButtonStyle.swift; sourceTree = "<group>"; };
		F2235D4627661CA3005E6086 /* EllipseButton.swift */ = {isa = PBXFileReference; lastKnownFileType = sourcecode.swift; path = EllipseButton.swift; sourceTree = "<group>"; };
		F22C91392770A260007A9424 /* SearchView.swift */ = {isa = PBXFileReference; lastKnownFileType = sourcecode.swift; path = SearchView.swift; sourceTree = "<group>"; };
		F230C4C9273B110900F7ACCC /* RootModel.swift */ = {isa = PBXFileReference; lastKnownFileType = sourcecode.swift; path = RootModel.swift; sourceTree = "<group>"; };
		F230C4D2273BE58B00F7ACCC /* YTS.swift */ = {isa = PBXFileReference; lastKnownFileType = sourcecode.swift; path = YTS.swift; sourceTree = "<group>"; };
		F230C4D4273BE81E00F7ACCC /* Errors.swift */ = {isa = PBXFileReference; lastKnownFileType = sourcecode.swift; path = Errors.swift; sourceTree = "<group>"; };
		F230C4DB2740454F00F7ACCC /* FirebaseConnection.swift */ = {isa = PBXFileReference; lastKnownFileType = sourcecode.swift; path = FirebaseConnection.swift; sourceTree = "<group>"; };
		F2469B1C291E758800C94FCE /* SearchedAudioCardView.swift */ = {isa = PBXFileReference; lastKnownFileType = sourcecode.swift; path = SearchedAudioCardView.swift; sourceTree = "<group>"; };
		F25038A3274EA1EC006FF802 /* Helpers.swift */ = {isa = PBXFileReference; lastKnownFileType = sourcecode.swift; path = Helpers.swift; sourceTree = "<group>"; };
		F2570DDE27AAD3BF00BF7E7A /* LoadingPage.swift */ = {isa = PBXFileReference; lastKnownFileType = sourcecode.swift; path = LoadingPage.swift; sourceTree = "<group>"; };
		F2570DE227AAE05B00BF7E7A /* LoadMoreView.swift */ = {isa = PBXFileReference; lastKnownFileType = sourcecode.swift; path = LoadMoreView.swift; sourceTree = "<group>"; };
		F2638D5628035BED00E0AE88 /* GoogleService-Info.plist */ = {isa = PBXFileReference; fileEncoding = 4; lastKnownFileType = text.plist.xml; path = "GoogleService-Info.plist"; sourceTree = "<group>"; };
		F28E293A2758E2FB00D9F4AF /* TagTileView.swift */ = {isa = PBXFileReference; lastKnownFileType = sourcecode.swift; path = TagTileView.swift; sourceTree = "<group>"; };
		F29B6874283B8E0000ECA1A6 /* AutoLoadMoreBarView.swift */ = {isa = PBXFileReference; lastKnownFileType = sourcecode.swift; path = AutoLoadMoreBarView.swift; sourceTree = "<group>"; };
		F29FFB2627529CD4005D6355 /* MiniPlayer.swift */ = {isa = PBXFileReference; lastKnownFileType = sourcecode.swift; path = MiniPlayer.swift; sourceTree = "<group>"; };
		F2BB3174274BCC97008B9DE0 /* AudioPlayer.swift */ = {isa = PBXFileReference; lastKnownFileType = sourcecode.swift; path = AudioPlayer.swift; sourceTree = "<group>"; };
		F2BB3176274BCDAB008B9DE0 /* Player.swift */ = {isa = PBXFileReference; lastKnownFileType = sourcecode.swift; path = Player.swift; sourceTree = "<group>"; };
		F2BE2D5E288AD9BC0007A353 /* PendingShiurimView.swift */ = {isa = PBXFileReference; lastKnownFileType = sourcecode.swift; path = PendingShiurimView.swift; sourceTree = "<group>"; };
		F2BE2D60288ADA0C0007A353 /* PendingShiurimModel.swift */ = {isa = PBXFileReference; lastKnownFileType = sourcecode.swift; path = PendingShiurimModel.swift; sourceTree = "<group>"; };
		F2D6E2C0282BC685000917D2 /* AboutView.swift */ = {isa = PBXFileReference; lastKnownFileType = sourcecode.swift; path = AboutView.swift; sourceTree = "<group>"; };
		F2D6E2C228328137000917D2 /* iOS14BorderedButtonStyle.swift */ = {isa = PBXFileReference; lastKnownFileType = sourcecode.swift; path = iOS14BorderedButtonStyle.swift; sourceTree = "<group>"; };
		F2D78B70278695EB003996A8 /* Favorites.swift */ = {isa = PBXFileReference; lastKnownFileType = sourcecode.swift; path = Favorites.swift; sourceTree = "<group>"; };
		F2F44C74274A6D4100F7D337 /* YTSProgressViewStyle.swift */ = {isa = PBXFileReference; lastKnownFileType = sourcecode.swift; path = YTSProgressViewStyle.swift; sourceTree = "<group>"; };
		F2F69C4E277C3A790069DCAE /* AppValidation.swift */ = {isa = PBXFileReference; lastKnownFileType = sourcecode.swift; path = AppValidation.swift; sourceTree = "<group>"; };
		F2FF99552927CB8B007B9407 /* ContentSpots.swift */ = {isa = PBXFileReference; lastKnownFileType = sourcecode.swift; path = ContentSpots.swift; sourceTree = "<group>"; };
/* End PBXFileReference section */

/* Begin PBXFrameworksBuildPhase section */
		088A9CF0287F870C009D28EB /* Frameworks */ = {
			isa = PBXFrameworksBuildPhase;
			buildActionMask = 2147483647;
			files = (
			);
			runOnlyForDeploymentPostprocessing = 0;
		};
		B12AB82A273B103C00B17CC0 /* Frameworks */ = {
			isa = PBXFrameworksBuildPhase;
			buildActionMask = 2147483647;
			files = (
				F25AEDFF27FECF8400DCB79F /* FirebaseMessaging in Frameworks */,
				08173F0B2840B7C7004FC42F /* FirebaseAuth in Frameworks */,
				F25AEDF227FECCFD00DCB79F /* FirebaseAppCheck in Frameworks */,
				F25AEDF627FECCFD00DCB79F /* FirebaseFirestore in Frameworks */,
				0827C1E4283A35CE00566B04 /* MarkdownUI in Frameworks */,
				F25AEDFD27FECEEB00DCB79F /* SwiftyGif in Frameworks */,
				F25AEDF827FECCFD00DCB79F /* FirebaseFunctions in Frameworks */,
				F25AEDF027FECCFD00DCB79F /* FirebaseAnalytics in Frameworks */,
				F25AEDF427FECCFD00DCB79F /* FirebaseDynamicLinks in Frameworks */,
				F25AEDFA27FECCFD00DCB79F /* FirebaseStorage in Frameworks */,
			);
			runOnlyForDeploymentPostprocessing = 0;
		};
/* End PBXFrameworksBuildPhase section */

/* Begin PBXGroup section */
		088A9CF4287F870C009D28EB /* NotificationModifier */ = {
			isa = PBXGroup;
			children = (
				088A9CFF287F873E009D28EB /* NotificationModifier.entitlements */,
				088A9CF5287F870C009D28EB /* NotificationService.swift */,
				088A9CF7287F870C009D28EB /* Info.plist */,
			);
			path = NotificationModifier;
			sourceTree = "<group>";
		};
		08A05B2827655D8700FEE15F /* Frameworks */ = {
			isa = PBXGroup;
			children = (
				08FABDFE27CFC43100BB84BE /* ExternalAccessory.framework */,
			);
			name = Frameworks;
			sourceTree = "<group>";
		};
		B12AB824273B103C00B17CC0 = {
			isa = PBXGroup;
			children = (
				088A9CF4287F870C009D28EB /* NotificationModifier */,
				B12AB82F273B103C00B17CC0 /* Yeshivat Torat Shraga */,
				B12AB82E273B103C00B17CC0 /* Products */,
				08A05B2827655D8700FEE15F /* Frameworks */,
			);
			sourceTree = "<group>";
		};
		B12AB82E273B103C00B17CC0 /* Products */ = {
			isa = PBXGroup;
			children = (
				B12AB82D273B103C00B17CC0 /* Yeshivat Torat Shraga.app */,
				088A9CF3287F870C009D28EB /* NotificationModifier.appex */,
			);
			name = Products;
			sourceTree = "<group>";
		};
		B12AB82F273B103C00B17CC0 /* Yeshivat Torat Shraga */ = {
			isa = PBXGroup;
			children = (
				F2638D5628035BED00E0AE88 /* GoogleService-Info.plist */,
				08A5439727A80BD700B97D0F /* Yeshivat Torat Shraga.entitlements */,
				F230C4DA274044DD00F7ACCC /* Code */,
				B12AB839273B104300B17CC0 /* Assets.xcassets */,
				B12AB83E273B104300B17CC0 /* LaunchScreen.storyboard */,
				B12AB841273B104300B17CC0 /* Info.plist */,
				B12AB836273B103C00B17CC0 /* Yeshivat_Torat_Shraga.xcdatamodeld */,
				F2570DE127AAD89700BF7E7A /* GifAssets */,
				B12AB83B273B104300B17CC0 /* Preview Content */,
			);
			path = "Yeshivat Torat Shraga";
			sourceTree = "<group>";
		};
		B12AB83B273B104300B17CC0 /* Preview Content */ = {
			isa = PBXGroup;
			children = (
				B12AB83C273B104300B17CC0 /* Preview Assets.xcassets */,
			);
			path = "Preview Content";
			sourceTree = "<group>";
		};
		B1BF5044273D37AE00CF18D6 /* Tools */ = {
			isa = PBXGroup;
			children = (
				F2235D4627661CA3005E6086 /* EllipseButton.swift */,
				F25038A3274EA1EC006FF802 /* Helpers.swift */,
				B1BF5045273D37BD00CF18D6 /* UI.swift */,
			);
			path = Tools;
			sourceTree = "<group>";
		};
		F230C4CB273B117D00F7ACCC /* Views */ = {
			isa = PBXGroup;
			children = (
				F2D6E2C0282BC685000917D2 /* AboutView.swift */,
				B1D0A2D8274BD1D500F7F0A5 /* AudioCardView.swift */,
				F2469B1C291E758800C94FCE /* SearchedAudioCardView.swift */,
				F2BB3174274BCC97008B9DE0 /* AudioPlayer.swift */,
				F29B6874283B8E0000ECA1A6 /* AutoLoadMoreBarView.swift */,
				087B985427ABD5CB00B09A90 /* ContentCardView.swift */,
				B1ACF92027443FB000079F9A /* DisplayRabbiView.swift */,
				085D438127B06C8C00F2F8FD /* FavoriteCardView.swift */,
				08469DE42762D7D9007EF981 /* FavoritesView.swift */,
				B1BF503C273C868B00CF18D6 /* HomeView.swift */,
				08F2CCED2811B7240094DAED /* LoadMoreBarView.swift */,
				F2570DDE27AAD3BF00BF7E7A /* LoadingPage.swift */,
				F2570DE227AAE05B00BF7E7A /* LoadMoreView.swift */,
				B1ACF926274456F900079F9A /* LogoView.swift */,
				F29FFB2627529CD4005D6355 /* MiniPlayer.swift */,
				08756445275E6EC300D22856 /* MoreView.swift */,
				08469DE62762D878007EF981 /* NewsView.swift */,
				083AE1022799A770003A36ED /* NewsArticleView.swift */,
				084E99C42794808F00CCEED6 /* NewsArticleCardView.swift */,
				08D3493C27CD26A000538697 /* OnboardingView.swift */,
				082872A22833EBE80002EB78 /* ParentTagView.swift */,
				0847BA282784A22A0097910A /* RabbiCardView.swift */,
				B1BF5042273D2A2200CF18D6 /* RabbiTileView.swift */,
				B12AB834273B103C00B17CC0 /* RootView.swift */,
				F22C91392770A260007A9424 /* SearchView.swift */,
				08B7A8442790358000B0EBC3 /* SlideshowView.swift */,
				08173F0128400ADB004FC42F /* SubmitContentView.swift */,
				F28E293A2758E2FB00D9F4AF /* TagTileView.swift */,
				08A05B2227653D4E00FEE15F /* TagView.swift */,
				F2BE2D5E288AD9BC0007A353 /* PendingShiurimView.swift */,
				087A5BF32761178100C077F6 /* VideoCardView.swift */,
			);
			path = Views;
			sourceTree = "<group>";
		};
		F230C4CE273B119E00F7ACCC /* Models */ = {
			isa = PBXGroup;
			children = (
				B1D0A2DA274BD24400F7F0A5 /* AudioCardModel.swift */,
				08F2AE17282C227D00E09367 /* AudioPlayerModel.swift */,
				B1ACF9232744497E00079F9A /* DisplayRabbiModel.swift */,
				08AF240D27A35315001331EA /* FavoritesModel.swift */,
				B1BF503E273D1C9A00CF18D6 /* HomeModel.swift */,
				0848BF57281AF15A0060BBDA /* MoreModel.swift */,
				084E99C22794760D00CCEED6 /* NewsModel.swift */,
				082872A42833ED290002EB78 /* ParentTagModel.swift */,
				F2BB3176274BCDAB008B9DE0 /* Player.swift */,
				F230C4C9273B110900F7ACCC /* RootModel.swift */,
				08FA96C8277B2ED1006CC195 /* SearchModel.swift */,
				08173F062840ACB9004FC42F /* SubmitContentModel.swift */,
				F2BE2D60288ADA0C0007A353 /* PendingShiurimModel.swift */,
				08A05B2427653DAA00FEE15F /* TagModel.swift */,
				087A5BF52761179000C077F6 /* VideoCardModel.swift */,
			);
			path = Models;
			sourceTree = "<group>";
		};
		F230C4CF273B11DC00F7ACCC /* Delegates */ = {
			isa = PBXGroup;
			children = (
				B12AB830273B103C00B17CC0 /* AppDelegate.swift */,
				B12AB832273B103C00B17CC0 /* SceneDelegate.swift */,
			);
			path = Delegates;
			sourceTree = "<group>";
		};
		F230C4D1273BE57B00F7ACCC /* Structure */ = {
			isa = PBXGroup;
			children = (
				F2F69C4E277C3A790069DCAE /* AppValidation.swift */,
				F230C4D4273BE81E00F7ACCC /* Errors.swift */,
				F2D78B70278695EB003996A8 /* Favorites.swift */,
				F2FF99552927CB8B007B9407 /* ContentSpots.swift */,
				F230C4DB2740454F00F7ACCC /* FirebaseConnection.swift */,
				F230C4D2273BE58B00F7ACCC /* YTS.swift */,
			);
			path = Structure;
			sourceTree = "<group>";
		};
		F230C4DA274044DD00F7ACCC /* Code */ = {
			isa = PBXGroup;
			children = (
				F230C4CF273B11DC00F7ACCC /* Delegates */,
				F230C4CE273B119E00F7ACCC /* Models */,
				F230C4D1273BE57B00F7ACCC /* Structure */,
				F2F44C71274A6D0700F7D337 /* Styles */,
				B1BF5044273D37AE00CF18D6 /* Tools */,
				F230C4CB273B117D00F7ACCC /* Views */,
			);
			path = Code;
			sourceTree = "<group>";
		};
		F2570DE127AAD89700BF7E7A /* GifAssets */ = {
			isa = PBXGroup;
			children = (
				08EFBACC27A9996400900A90 /* logoDarkMode.gif */,
				08EFBACE27A9B67700900A90 /* logoLightMode.gif */,
			);
			path = GifAssets;
			sourceTree = "<group>";
		};
		F2F44C71274A6D0700F7D337 /* Styles */ = {
			isa = PBXGroup;
			children = (
				F202FEE727538F8100A41DEB /* BackZStackButtonStyle.swift */,
				F2D6E2C228328137000917D2 /* iOS14BorderedButtonStyle.swift */,
				F2F44C74274A6D4100F7D337 /* YTSProgressViewStyle.swift */,
			);
			path = Styles;
			sourceTree = "<group>";
		};
/* End PBXGroup section */

/* Begin PBXNativeTarget section */
		088A9CF2287F870C009D28EB /* NotificationModifier */ = {
			isa = PBXNativeTarget;
			buildConfigurationList = 088A9CFB287F870C009D28EB /* Build configuration list for PBXNativeTarget "NotificationModifier" */;
			buildPhases = (
				088A9CEF287F870C009D28EB /* Sources */,
				088A9CF0287F870C009D28EB /* Frameworks */,
				088A9CF1287F870C009D28EB /* Resources */,
			);
			buildRules = (
			);
			dependencies = (
			);
			name = NotificationModifier;
			productName = NotificationModifier;
			productReference = 088A9CF3287F870C009D28EB /* NotificationModifier.appex */;
			productType = "com.apple.product-type.app-extension";
		};
		B12AB82C273B103C00B17CC0 /* Yeshivat Torat Shraga */ = {
			isa = PBXNativeTarget;
			buildConfigurationList = B12AB844273B104300B17CC0 /* Build configuration list for PBXNativeTarget "Yeshivat Torat Shraga" */;
			buildPhases = (
				B12AB829273B103C00B17CC0 /* Sources */,
				B12AB82A273B103C00B17CC0 /* Frameworks */,
				B12AB82B273B103C00B17CC0 /* Resources */,
				084A14F627C6DB94007F6449 /* Embed Foundation Extensions */,
			);
			buildRules = (
			);
			dependencies = (
				088A9CF9287F870C009D28EB /* PBXTargetDependency */,
			);
			name = "Yeshivat Torat Shraga";
			packageProductDependencies = (
				F25AEDEF27FECCFD00DCB79F /* FirebaseAnalytics */,
				F25AEDF127FECCFD00DCB79F /* FirebaseAppCheck */,
				F25AEDF327FECCFD00DCB79F /* FirebaseDynamicLinks */,
				F25AEDF527FECCFD00DCB79F /* FirebaseFirestore */,
				F25AEDF727FECCFD00DCB79F /* FirebaseFunctions */,
				F25AEDF927FECCFD00DCB79F /* FirebaseStorage */,
				F25AEDFC27FECEEB00DCB79F /* SwiftyGif */,
				F25AEDFE27FECF8400DCB79F /* FirebaseMessaging */,
				0827C1E3283A35CE00566B04 /* MarkdownUI */,
				08173F0A2840B7C7004FC42F /* FirebaseAuth */,
			);
			productName = "Yeshivat Torat Shraga";
			productReference = B12AB82D273B103C00B17CC0 /* Yeshivat Torat Shraga.app */;
			productType = "com.apple.product-type.application";
		};
/* End PBXNativeTarget section */

/* Begin PBXProject section */
		B12AB825273B103C00B17CC0 /* Project object */ = {
			isa = PBXProject;
			attributes = {
				LastSwiftUpdateCheck = 1400;
				LastUpgradeCheck = 1400;
				TargetAttributes = {
					088A9CF2287F870C009D28EB = {
						CreatedOnToolsVersion = 14.0;
					};
					B12AB82C273B103C00B17CC0 = {
						CreatedOnToolsVersion = 12.4;
					};
				};
			};
			buildConfigurationList = B12AB828273B103C00B17CC0 /* Build configuration list for PBXProject "Yeshivat Torat Shraga" */;
			compatibilityVersion = "Xcode 9.3";
			developmentRegion = en;
			hasScannedForEncodings = 0;
			knownRegions = (
				en,
				Base,
			);
			mainGroup = B12AB824273B103C00B17CC0;
			packageReferences = (
				F25AEDEE27FECCFD00DCB79F /* XCRemoteSwiftPackageReference "firebase-ios-sdk" */,
				F25AEDFB27FECEEB00DCB79F /* XCRemoteSwiftPackageReference "SwiftyGif" */,
				0827C1E2283A35CE00566B04 /* XCRemoteSwiftPackageReference "MarkdownUI" */,
			);
			productRefGroup = B12AB82E273B103C00B17CC0 /* Products */;
			projectDirPath = "";
			projectRoot = "";
			targets = (
				B12AB82C273B103C00B17CC0 /* Yeshivat Torat Shraga */,
				088A9CF2287F870C009D28EB /* NotificationModifier */,
			);
		};
/* End PBXProject section */

/* Begin PBXResourcesBuildPhase section */
		088A9CF1287F870C009D28EB /* Resources */ = {
			isa = PBXResourcesBuildPhase;
			buildActionMask = 2147483647;
			files = (
			);
			runOnlyForDeploymentPostprocessing = 0;
		};
		B12AB82B273B103C00B17CC0 /* Resources */ = {
			isa = PBXResourcesBuildPhase;
			buildActionMask = 2147483647;
			files = (
				B12AB840273B104300B17CC0 /* LaunchScreen.storyboard in Resources */,
				08EFBACD27A9996400900A90 /* logoDarkMode.gif in Resources */,
				F2638D5728035BED00E0AE88 /* GoogleService-Info.plist in Resources */,
				B12AB83D273B104300B17CC0 /* Preview Assets.xcassets in Resources */,
				B12AB83A273B104300B17CC0 /* Assets.xcassets in Resources */,
				08EFBACF27A9B67700900A90 /* logoLightMode.gif in Resources */,
			);
			runOnlyForDeploymentPostprocessing = 0;
		};
/* End PBXResourcesBuildPhase section */

/* Begin PBXSourcesBuildPhase section */
		088A9CEF287F870C009D28EB /* Sources */ = {
			isa = PBXSourcesBuildPhase;
			buildActionMask = 2147483647;
			files = (
				088A9CF6287F870C009D28EB /* NotificationService.swift in Sources */,
			);
			runOnlyForDeploymentPostprocessing = 0;
		};
		B12AB829273B103C00B17CC0 /* Sources */ = {
			isa = PBXSourcesBuildPhase;
			buildActionMask = 2147483647;
			files = (
				F230C4DC2740454F00F7ACCC /* FirebaseConnection.swift in Sources */,
				F25038A4274EA1EC006FF802 /* Helpers.swift in Sources */,
				B12AB831273B103C00B17CC0 /* AppDelegate.swift in Sources */,
				08469DE72762D878007EF981 /* NewsView.swift in Sources */,
				B1BF503F273D1C9A00CF18D6 /* HomeModel.swift in Sources */,
				F202FEE827538F8100A41DEB /* BackZStackButtonStyle.swift in Sources */,
				0848BF58281AF15A0060BBDA /* MoreModel.swift in Sources */,
				087B985527ABD5CB00B09A90 /* ContentCardView.swift in Sources */,
				B12AB838273B103C00B17CC0 /* Yeshivat_Torat_Shraga.xcdatamodeld in Sources */,
				082872A32833EBE80002EB78 /* ParentTagView.swift in Sources */,
				F28E293B2758E2FB00D9F4AF /* TagTileView.swift in Sources */,
				F230C4D3273BE58B00F7ACCC /* YTS.swift in Sources */,
				F2469B1D291E758800C94FCE /* SearchedAudioCardView.swift in Sources */,
				084E99C32794760D00CCEED6 /* NewsModel.swift in Sources */,
				B1D0A2D9274BD1D500F7F0A5 /* AudioCardView.swift in Sources */,
				08FA96C9277B2ED1006CC195 /* SearchModel.swift in Sources */,
				B12AB833273B103C00B17CC0 /* SceneDelegate.swift in Sources */,
				084E99C52794808F00CCEED6 /* NewsArticleCardView.swift in Sources */,
				F2BE2D61288ADA0C0007A353 /* PendingShiurimModel.swift in Sources */,
				F2D78B71278695EB003996A8 /* Favorites.swift in Sources */,
				08173F0228400ADB004FC42F /* SubmitContentView.swift in Sources */,
				F2F44C75274A6D4100F7D337 /* YTSProgressViewStyle.swift in Sources */,
				F29B6875283B8E0000ECA1A6 /* AutoLoadMoreBarView.swift in Sources */,
				0847BA292784A22A0097910A /* RabbiCardView.swift in Sources */,
				F2D6E2C1282BC685000917D2 /* AboutView.swift in Sources */,
				B12AB835273B103C00B17CC0 /* RootView.swift in Sources */,
				08AF240E27A35315001331EA /* FavoritesModel.swift in Sources */,
				08F2AE18282C227D00E09367 /* AudioPlayerModel.swift in Sources */,
				F2BE2D5F288AD9BC0007A353 /* PendingShiurimView.swift in Sources */,
				B1BF5043273D2A2200CF18D6 /* RabbiTileView.swift in Sources */,
				B1BF503D273C868C00CF18D6 /* HomeView.swift in Sources */,
				F2570DDF27AAD3BF00BF7E7A /* LoadingPage.swift in Sources */,
				08469DE52762D7D9007EF981 /* FavoritesView.swift in Sources */,
				F2BB3175274BCC97008B9DE0 /* AudioPlayer.swift in Sources */,
				083AE1032799A770003A36ED /* NewsArticleView.swift in Sources */,
				085D438227B06C8C00F2F8FD /* FavoriteCardView.swift in Sources */,
				F2570DE327AAE05B00BF7E7A /* LoadMoreView.swift in Sources */,
				087A5BF42761178100C077F6 /* VideoCardView.swift in Sources */,
				F2FF99562927CB8B007B9407 /* ContentSpots.swift in Sources */,
				08F2CCEE2811B7240094DAED /* LoadMoreBarView.swift in Sources */,
				087A5BF62761179000C077F6 /* VideoCardModel.swift in Sources */,
				B1ACF9242744497E00079F9A /* DisplayRabbiModel.swift in Sources */,
				B1ACF927274456F900079F9A /* LogoView.swift in Sources */,
				B1BF5046273D37BD00CF18D6 /* UI.swift in Sources */,
				F2F69C4F277C3A790069DCAE /* AppValidation.swift in Sources */,
				F2235D4727661CA3005E6086 /* EllipseButton.swift in Sources */,
				082872A52833ED290002EB78 /* ParentTagModel.swift in Sources */,
				B1D0A2DB274BD24400F7F0A5 /* AudioCardModel.swift in Sources */,
				F29FFB2727529CD4005D6355 /* MiniPlayer.swift in Sources */,
				F22C913A2770A260007A9424 /* SearchView.swift in Sources */,
				F230C4CA273B110900F7ACCC /* RootModel.swift in Sources */,
				F2BB3177274BCDAB008B9DE0 /* Player.swift in Sources */,
				B1ACF92127443FB000079F9A /* DisplayRabbiView.swift in Sources */,
				08A05B2527653DAA00FEE15F /* TagModel.swift in Sources */,
				F230C4D5273BE81E00F7ACCC /* Errors.swift in Sources */,
				08756446275E6EC300D22856 /* MoreView.swift in Sources */,
				08D3493D27CD26A000538697 /* OnboardingView.swift in Sources */,
				F2D6E2C328328137000917D2 /* iOS14BorderedButtonStyle.swift in Sources */,
				08B7A8452790358000B0EBC3 /* SlideshowView.swift in Sources */,
				08173F072840ACB9004FC42F /* SubmitContentModel.swift in Sources */,
				08A05B2327653D4E00FEE15F /* TagView.swift in Sources */,
			);
			runOnlyForDeploymentPostprocessing = 0;
		};
/* End PBXSourcesBuildPhase section */

/* Begin PBXTargetDependency section */
		088A9CF9287F870C009D28EB /* PBXTargetDependency */ = {
			isa = PBXTargetDependency;
			target = 088A9CF2287F870C009D28EB /* NotificationModifier */;
			targetProxy = 088A9CF8287F870C009D28EB /* PBXContainerItemProxy */;
		};
/* End PBXTargetDependency section */

/* Begin PBXVariantGroup section */
		B12AB83E273B104300B17CC0 /* LaunchScreen.storyboard */ = {
			isa = PBXVariantGroup;
			children = (
				B12AB83F273B104300B17CC0 /* Base */,
			);
			name = LaunchScreen.storyboard;
			sourceTree = "<group>";
		};
/* End PBXVariantGroup section */

/* Begin XCBuildConfiguration section */
		088A9CFC287F870C009D28EB /* Debug */ = {
			isa = XCBuildConfiguration;
			buildSettings = {
				CLANG_CXX_LANGUAGE_STANDARD = "gnu++17";
				CODE_SIGN_ENTITLEMENTS = NotificationModifier/NotificationModifier.entitlements;
				CODE_SIGN_IDENTITY = "Apple Development: David Reese (24UZRU7R8H)";
				CODE_SIGN_STYLE = Manual;
				CURRENT_PROJECT_VERSION = 2;
				DEVELOPMENT_TEAM = YL279DNVQD;
				EXCLUDED_ARCHS = "";
				GENERATE_INFOPLIST_FILE = YES;
				INFOPLIST_FILE = NotificationModifier/Info.plist;
				INFOPLIST_KEY_CFBundleDisplayName = NotificationModifier;
				INFOPLIST_KEY_NSHumanReadableCopyright = "";
				IPHONEOS_DEPLOYMENT_TARGET = 14.0;
				LD_RUNPATH_SEARCH_PATHS = (
					"$(inherited)",
					"@executable_path/Frameworks",
					"@executable_path/../../Frameworks",
				);
				MARKETING_VERSION = 1.3;
				PRODUCT_BUNDLE_IDENTIFIER = com.reesedevelopment.YTS.NotificationService;
				PRODUCT_NAME = "$(TARGET_NAME)";
				PROVISIONING_PROFILE_SPECIFIER = "match AppStore com.reesedevelopment.YTS.NotificationService";
				SKIP_INSTALL = YES;
				SWIFT_EMIT_LOC_STRINGS = YES;
				SWIFT_VERSION = 5.0;
				TARGETED_DEVICE_FAMILY = "1,2";
			};
			name = Debug;
		};
		088A9CFD287F870C009D28EB /* Firebase Emulators */ = {
			isa = XCBuildConfiguration;
			buildSettings = {
				CLANG_CXX_LANGUAGE_STANDARD = "gnu++17";
				CODE_SIGN_ENTITLEMENTS = NotificationModifier/NotificationModifier.entitlements;
				CODE_SIGN_IDENTITY = "Apple Development: David Reese (24UZRU7R8H)";
				CODE_SIGN_STYLE = Manual;
				CURRENT_PROJECT_VERSION = 2;
				DEVELOPMENT_TEAM = YL279DNVQD;
				EXCLUDED_ARCHS = "";
				GENERATE_INFOPLIST_FILE = YES;
				INFOPLIST_FILE = NotificationModifier/Info.plist;
				INFOPLIST_KEY_CFBundleDisplayName = NotificationModifier;
				INFOPLIST_KEY_NSHumanReadableCopyright = "";
				IPHONEOS_DEPLOYMENT_TARGET = 14.0;
				LD_RUNPATH_SEARCH_PATHS = (
					"$(inherited)",
					"@executable_path/Frameworks",
					"@executable_path/../../Frameworks",
				);
				MARKETING_VERSION = 1.3;
				PRODUCT_BUNDLE_IDENTIFIER = com.reesedevelopment.YTS.NotificationService;
				PRODUCT_NAME = "$(TARGET_NAME)";
				PROVISIONING_PROFILE_SPECIFIER = "match AppStore com.reesedevelopment.YTS.NotificationService";
				SKIP_INSTALL = YES;
				SWIFT_EMIT_LOC_STRINGS = YES;
				SWIFT_VERSION = 5.0;
				TARGETED_DEVICE_FAMILY = "1,2";
			};
			name = "Firebase Emulators";
		};
		088A9CFE287F870C009D28EB /* Release */ = {
			isa = XCBuildConfiguration;
			buildSettings = {
				CLANG_CXX_LANGUAGE_STANDARD = "gnu++17";
				CODE_SIGN_ENTITLEMENTS = NotificationModifier/NotificationModifier.entitlements;
				CODE_SIGN_IDENTITY = "iPhone Distribution";
				CODE_SIGN_STYLE = Manual;
				CURRENT_PROJECT_VERSION = 2;
				DEVELOPMENT_TEAM = YL279DNVQD;
				EXCLUDED_ARCHS = "";
				GENERATE_INFOPLIST_FILE = YES;
				INFOPLIST_FILE = NotificationModifier/Info.plist;
				INFOPLIST_KEY_CFBundleDisplayName = NotificationModifier;
				INFOPLIST_KEY_NSHumanReadableCopyright = "";
				IPHONEOS_DEPLOYMENT_TARGET = 14.0;
				LD_RUNPATH_SEARCH_PATHS = (
					"$(inherited)",
					"@executable_path/Frameworks",
					"@executable_path/../../Frameworks",
				);
				MARKETING_VERSION = 1.3;
				PRODUCT_BUNDLE_IDENTIFIER = com.reesedevelopment.YTS.NotificationService;
				PRODUCT_NAME = "$(TARGET_NAME)";
				PROVISIONING_PROFILE_SPECIFIER = "match AppStore com.reesedevelopment.YTS.NotificationService";
				SKIP_INSTALL = YES;
				SWIFT_EMIT_LOC_STRINGS = YES;
				SWIFT_VERSION = 5.0;
				TARGETED_DEVICE_FAMILY = "1,2";
			};
			name = Release;
		};
		08A05B2627655B0200FEE15F /* Firebase Emulators */ = {
			isa = XCBuildConfiguration;
			buildSettings = {
				ALWAYS_SEARCH_USER_PATHS = NO;
				CLANG_ANALYZER_NONNULL = YES;
				CLANG_ANALYZER_NUMBER_OBJECT_CONVERSION = YES_AGGRESSIVE;
				CLANG_CXX_LANGUAGE_STANDARD = "gnu++14";
				CLANG_CXX_LIBRARY = "libc++";
				CLANG_ENABLE_MODULES = YES;
				CLANG_ENABLE_OBJC_ARC = YES;
				CLANG_ENABLE_OBJC_WEAK = YES;
				CLANG_WARN_BLOCK_CAPTURE_AUTORELEASING = YES;
				CLANG_WARN_BOOL_CONVERSION = YES;
				CLANG_WARN_COMMA = YES;
				CLANG_WARN_CONSTANT_CONVERSION = YES;
				CLANG_WARN_DEPRECATED_OBJC_IMPLEMENTATIONS = YES;
				CLANG_WARN_DIRECT_OBJC_ISA_USAGE = YES_ERROR;
				CLANG_WARN_DOCUMENTATION_COMMENTS = YES;
				CLANG_WARN_EMPTY_BODY = YES;
				CLANG_WARN_ENUM_CONVERSION = YES;
				CLANG_WARN_INFINITE_RECURSION = YES;
				CLANG_WARN_INT_CONVERSION = YES;
				CLANG_WARN_NON_LITERAL_NULL_CONVERSION = YES;
				CLANG_WARN_OBJC_IMPLICIT_RETAIN_SELF = YES;
				CLANG_WARN_OBJC_LITERAL_CONVERSION = YES;
				CLANG_WARN_OBJC_ROOT_CLASS = YES_ERROR;
				CLANG_WARN_QUOTED_INCLUDE_IN_FRAMEWORK_HEADER = YES;
				CLANG_WARN_RANGE_LOOP_ANALYSIS = YES;
				CLANG_WARN_STRICT_PROTOTYPES = YES;
				CLANG_WARN_SUSPICIOUS_MOVE = YES;
				CLANG_WARN_UNGUARDED_AVAILABILITY = YES_AGGRESSIVE;
				CLANG_WARN_UNREACHABLE_CODE = YES;
				CLANG_WARN__DUPLICATE_METHOD_MATCH = YES;
				CODE_SIGN_IDENTITY = "Apple Development";
				COPY_PHASE_STRIP = NO;
				DEBUG_INFORMATION_FORMAT = dwarf;
				ENABLE_STRICT_OBJC_MSGSEND = YES;
				ENABLE_TESTABILITY = YES;
				EXCLUDED_ARCHS = "";
				GCC_C_LANGUAGE_STANDARD = gnu11;
				GCC_DYNAMIC_NO_PIC = NO;
				GCC_NO_COMMON_BLOCKS = YES;
				GCC_OPTIMIZATION_LEVEL = 0;
				GCC_PREPROCESSOR_DEFINITIONS = (
					"DEBUG=1",
					"$(inherited)",
				);
				GCC_WARN_64_TO_32_BIT_CONVERSION = YES;
				GCC_WARN_ABOUT_RETURN_TYPE = YES_ERROR;
				GCC_WARN_UNDECLARED_SELECTOR = YES;
				GCC_WARN_UNINITIALIZED_AUTOS = YES_AGGRESSIVE;
				GCC_WARN_UNUSED_FUNCTION = YES;
				GCC_WARN_UNUSED_VARIABLE = YES;
				IPHONEOS_DEPLOYMENT_TARGET = 14.0;
				MTL_ENABLE_DEBUG_INFO = INCLUDE_SOURCE;
				MTL_FAST_MATH = YES;
				ONLY_ACTIVE_ARCH = YES;
				"OTHER_SWIFT_FLAGS[arch=*]" = "-D EMULATORS";
				SDKROOT = iphoneos;
				SWIFT_ACTIVE_COMPILATION_CONDITIONS = DEBUG;
				SWIFT_OPTIMIZATION_LEVEL = "-Onone";
			};
			name = "Firebase Emulators";
		};
		08A05B2727655B0200FEE15F /* Firebase Emulators */ = {
			isa = XCBuildConfiguration;
			buildSettings = {
				ALWAYS_EMBED_SWIFT_STANDARD_LIBRARIES = YES;
				ASSETCATALOG_COMPILER_APPICON_NAME = "AppIcon-1";
				ASSETCATALOG_COMPILER_GLOBAL_ACCENT_COLOR_NAME = AccentColor;
				ASSETCATALOG_COMPILER_INCLUDE_ALL_APPICON_ASSETS = NO;
				CODE_SIGN_ENTITLEMENTS = "Yeshivat Torat Shraga/Yeshivat Torat Shraga.entitlements";
				CODE_SIGN_IDENTITY = "Apple Development";
				CODE_SIGN_STYLE = Automatic;
				CURRENT_PROJECT_VERSION = 7;
				DEVELOPMENT_ASSET_PATHS = "\"Yeshivat Torat Shraga/Preview Content\"";
				DEVELOPMENT_TEAM = "";
				"DEVELOPMENT_TEAM[sdk=iphoneos*]" = YL279DNVQD;
				ENABLE_PREVIEWS = YES;
				EXCLUDED_ARCHS = "";
				INFOPLIST_FILE = "Yeshivat Torat Shraga/Info.plist";
				INFOPLIST_KEY_CFBundleDisplayName = YTS;
				INFOPLIST_KEY_LSApplicationCategoryType = "public.app-category.education";
				IPHONEOS_DEPLOYMENT_TARGET = 14.0;
				LD_RUNPATH_SEARCH_PATHS = (
					"$(inherited)",
					"@executable_path/Frameworks",
				);
				MARKETING_VERSION = 1.4.0;
				OTHER_LDFLAGS = "-ObjC";
				PRODUCT_BUNDLE_IDENTIFIER = com.reesedevelopment.YTS;
				PRODUCT_NAME = "$(TARGET_NAME)";
				PROVISIONING_PROFILE_SPECIFIER = "";
				"PROVISIONING_PROFILE_SPECIFIER[sdk=iphoneos*]" = "match AppStore com.reesedevelopment.YTS";
				SWIFT_VERSION = 5.0;
				TARGETED_DEVICE_FAMILY = 1;
				VERSIONING_SYSTEM = "apple-generic";
			};
			name = "Firebase Emulators";
		};
		B12AB842273B104300B17CC0 /* Debug */ = {
			isa = XCBuildConfiguration;
			buildSettings = {
				ALWAYS_SEARCH_USER_PATHS = NO;
				CLANG_ANALYZER_NONNULL = YES;
				CLANG_ANALYZER_NUMBER_OBJECT_CONVERSION = YES_AGGRESSIVE;
				CLANG_CXX_LANGUAGE_STANDARD = "gnu++14";
				CLANG_CXX_LIBRARY = "libc++";
				CLANG_ENABLE_MODULES = YES;
				CLANG_ENABLE_OBJC_ARC = YES;
				CLANG_ENABLE_OBJC_WEAK = YES;
				CLANG_WARN_BLOCK_CAPTURE_AUTORELEASING = YES;
				CLANG_WARN_BOOL_CONVERSION = YES;
				CLANG_WARN_COMMA = YES;
				CLANG_WARN_CONSTANT_CONVERSION = YES;
				CLANG_WARN_DEPRECATED_OBJC_IMPLEMENTATIONS = YES;
				CLANG_WARN_DIRECT_OBJC_ISA_USAGE = YES_ERROR;
				CLANG_WARN_DOCUMENTATION_COMMENTS = YES;
				CLANG_WARN_EMPTY_BODY = YES;
				CLANG_WARN_ENUM_CONVERSION = YES;
				CLANG_WARN_INFINITE_RECURSION = YES;
				CLANG_WARN_INT_CONVERSION = YES;
				CLANG_WARN_NON_LITERAL_NULL_CONVERSION = YES;
				CLANG_WARN_OBJC_IMPLICIT_RETAIN_SELF = YES;
				CLANG_WARN_OBJC_LITERAL_CONVERSION = YES;
				CLANG_WARN_OBJC_ROOT_CLASS = YES_ERROR;
				CLANG_WARN_QUOTED_INCLUDE_IN_FRAMEWORK_HEADER = YES;
				CLANG_WARN_RANGE_LOOP_ANALYSIS = YES;
				CLANG_WARN_STRICT_PROTOTYPES = YES;
				CLANG_WARN_SUSPICIOUS_MOVE = YES;
				CLANG_WARN_UNGUARDED_AVAILABILITY = YES_AGGRESSIVE;
				CLANG_WARN_UNREACHABLE_CODE = YES;
				CLANG_WARN__DUPLICATE_METHOD_MATCH = YES;
				CODE_SIGN_IDENTITY = "Apple Development";
				COPY_PHASE_STRIP = NO;
				DEBUG_INFORMATION_FORMAT = dwarf;
				ENABLE_STRICT_OBJC_MSGSEND = YES;
				ENABLE_TESTABILITY = YES;
				EXCLUDED_ARCHS = "";
				"EXCLUDED_ARCHS[sdk=*]" = arm64;
				GCC_C_LANGUAGE_STANDARD = gnu11;
				GCC_DYNAMIC_NO_PIC = NO;
				GCC_NO_COMMON_BLOCKS = YES;
				GCC_OPTIMIZATION_LEVEL = 0;
				GCC_PREPROCESSOR_DEFINITIONS = (
					"DEBUG=1",
					"$(inherited)",
				);
				GCC_WARN_64_TO_32_BIT_CONVERSION = YES;
				GCC_WARN_ABOUT_RETURN_TYPE = YES_ERROR;
				GCC_WARN_UNDECLARED_SELECTOR = YES;
				GCC_WARN_UNINITIALIZED_AUTOS = YES_AGGRESSIVE;
				GCC_WARN_UNUSED_FUNCTION = YES;
				GCC_WARN_UNUSED_VARIABLE = YES;
				IPHONEOS_DEPLOYMENT_TARGET = 14.0;
				MTL_ENABLE_DEBUG_INFO = INCLUDE_SOURCE;
				MTL_FAST_MATH = YES;
				ONLY_ACTIVE_ARCH = YES;
				SDKROOT = iphoneos;
				SWIFT_ACTIVE_COMPILATION_CONDITIONS = DEBUG;
				SWIFT_OPTIMIZATION_LEVEL = "-Onone";
			};
			name = Debug;
		};
		B12AB843273B104300B17CC0 /* Release */ = {
			isa = XCBuildConfiguration;
			buildSettings = {
				ALWAYS_SEARCH_USER_PATHS = NO;
				CLANG_ANALYZER_NONNULL = YES;
				CLANG_ANALYZER_NUMBER_OBJECT_CONVERSION = YES_AGGRESSIVE;
				CLANG_CXX_LANGUAGE_STANDARD = "gnu++14";
				CLANG_CXX_LIBRARY = "libc++";
				CLANG_ENABLE_MODULES = YES;
				CLANG_ENABLE_OBJC_ARC = YES;
				CLANG_ENABLE_OBJC_WEAK = YES;
				CLANG_WARN_BLOCK_CAPTURE_AUTORELEASING = YES;
				CLANG_WARN_BOOL_CONVERSION = YES;
				CLANG_WARN_COMMA = YES;
				CLANG_WARN_CONSTANT_CONVERSION = YES;
				CLANG_WARN_DEPRECATED_OBJC_IMPLEMENTATIONS = YES;
				CLANG_WARN_DIRECT_OBJC_ISA_USAGE = YES_ERROR;
				CLANG_WARN_DOCUMENTATION_COMMENTS = YES;
				CLANG_WARN_EMPTY_BODY = YES;
				CLANG_WARN_ENUM_CONVERSION = YES;
				CLANG_WARN_INFINITE_RECURSION = YES;
				CLANG_WARN_INT_CONVERSION = YES;
				CLANG_WARN_NON_LITERAL_NULL_CONVERSION = YES;
				CLANG_WARN_OBJC_IMPLICIT_RETAIN_SELF = YES;
				CLANG_WARN_OBJC_LITERAL_CONVERSION = YES;
				CLANG_WARN_OBJC_ROOT_CLASS = YES_ERROR;
				CLANG_WARN_QUOTED_INCLUDE_IN_FRAMEWORK_HEADER = YES;
				CLANG_WARN_RANGE_LOOP_ANALYSIS = YES;
				CLANG_WARN_STRICT_PROTOTYPES = YES;
				CLANG_WARN_SUSPICIOUS_MOVE = YES;
				CLANG_WARN_UNGUARDED_AVAILABILITY = YES_AGGRESSIVE;
				CLANG_WARN_UNREACHABLE_CODE = YES;
				CLANG_WARN__DUPLICATE_METHOD_MATCH = YES;
				CODE_SIGN_IDENTITY = "Apple Development";
				COPY_PHASE_STRIP = NO;
				DEBUG_INFORMATION_FORMAT = dwarf;
				ENABLE_NS_ASSERTIONS = NO;
				ENABLE_STRICT_OBJC_MSGSEND = YES;
				EXCLUDED_ARCHS = "";
				GCC_C_LANGUAGE_STANDARD = gnu11;
				GCC_NO_COMMON_BLOCKS = YES;
				GCC_WARN_64_TO_32_BIT_CONVERSION = YES;
				GCC_WARN_ABOUT_RETURN_TYPE = YES_ERROR;
				GCC_WARN_UNDECLARED_SELECTOR = YES;
				GCC_WARN_UNINITIALIZED_AUTOS = YES_AGGRESSIVE;
				GCC_WARN_UNUSED_FUNCTION = YES;
				GCC_WARN_UNUSED_VARIABLE = YES;
				IPHONEOS_DEPLOYMENT_TARGET = 14.0;
				MTL_ENABLE_DEBUG_INFO = NO;
				MTL_FAST_MATH = YES;
				SDKROOT = iphoneos;
				SWIFT_COMPILATION_MODE = wholemodule;
				SWIFT_OPTIMIZATION_LEVEL = "-O";
				VALIDATE_PRODUCT = YES;
			};
			name = Release;
		};
		B12AB845273B104300B17CC0 /* Debug */ = {
			isa = XCBuildConfiguration;
			buildSettings = {
				ALWAYS_EMBED_SWIFT_STANDARD_LIBRARIES = YES;
				ASSETCATALOG_COMPILER_APPICON_NAME = "AppIcon-1";
				ASSETCATALOG_COMPILER_GLOBAL_ACCENT_COLOR_NAME = AccentColor;
				ASSETCATALOG_COMPILER_INCLUDE_ALL_APPICON_ASSETS = NO;
				CODE_SIGN_ENTITLEMENTS = "Yeshivat Torat Shraga/Yeshivat Torat Shraga.entitlements";
				CODE_SIGN_IDENTITY = "Apple Development";
				CODE_SIGN_STYLE = Automatic;
				CURRENT_PROJECT_VERSION = 7;
				DEVELOPMENT_ASSET_PATHS = "\"Yeshivat Torat Shraga/Preview Content\"";
				DEVELOPMENT_TEAM = "";
				"DEVELOPMENT_TEAM[sdk=iphoneos*]" = YL279DNVQD;
				ENABLE_PREVIEWS = YES;
				EXCLUDED_ARCHS = "";
				INFOPLIST_FILE = "Yeshivat Torat Shraga/Info.plist";
				INFOPLIST_KEY_CFBundleDisplayName = YTS;
				INFOPLIST_KEY_LSApplicationCategoryType = "public.app-category.education";
				IPHONEOS_DEPLOYMENT_TARGET = 14.0;
				LD_RUNPATH_SEARCH_PATHS = (
					"$(inherited)",
					"@executable_path/Frameworks",
				);
				MARKETING_VERSION = 1.4.0;
				OTHER_LDFLAGS = "-ObjC";
				PRODUCT_BUNDLE_IDENTIFIER = com.reesedevelopment.YTS;
				PRODUCT_NAME = "$(TARGET_NAME)";
				PROVISIONING_PROFILE_SPECIFIER = "";
				"PROVISIONING_PROFILE_SPECIFIER[sdk=iphoneos*]" = "match AppStore com.reesedevelopment.YTS";
				SWIFT_VERSION = 5.0;
				TARGETED_DEVICE_FAMILY = 1;
				VERSIONING_SYSTEM = "apple-generic";
			};
			name = Debug;
		};
		B12AB846273B104300B17CC0 /* Release */ = {
			isa = XCBuildConfiguration;
			buildSettings = {
				ALWAYS_EMBED_SWIFT_STANDARD_LIBRARIES = YES;
				ASSETCATALOG_COMPILER_APPICON_NAME = "AppIcon-1";
				ASSETCATALOG_COMPILER_GLOBAL_ACCENT_COLOR_NAME = AccentColor;
				ASSETCATALOG_COMPILER_INCLUDE_ALL_APPICON_ASSETS = NO;
				CODE_SIGN_ENTITLEMENTS = "Yeshivat Torat Shraga/Yeshivat Torat Shraga.entitlements";
				CODE_SIGN_IDENTITY = "Apple Development";
				CODE_SIGN_STYLE = Automatic;
				CURRENT_PROJECT_VERSION = 7;
				DEVELOPMENT_ASSET_PATHS = "\"Yeshivat Torat Shraga/Preview Content\"";
				DEVELOPMENT_TEAM = "";
				"DEVELOPMENT_TEAM[sdk=iphoneos*]" = YL279DNVQD;
				ENABLE_PREVIEWS = YES;
				EXCLUDED_ARCHS = "";
				INFOPLIST_FILE = "Yeshivat Torat Shraga/Info.plist";
				INFOPLIST_KEY_CFBundleDisplayName = YTS;
				INFOPLIST_KEY_LSApplicationCategoryType = "public.app-category.education";
				IPHONEOS_DEPLOYMENT_TARGET = 14.0;
				LD_RUNPATH_SEARCH_PATHS = (
					"$(inherited)",
					"@executable_path/Frameworks",
				);
				MARKETING_VERSION = 1.4.0;
				OTHER_LDFLAGS = "-ObjC";
				PRODUCT_BUNDLE_IDENTIFIER = com.reesedevelopment.YTS;
				PRODUCT_NAME = "$(TARGET_NAME)";
				PROVISIONING_PROFILE_SPECIFIER = "match AppStore com.reesedevelopment.YTS";
				"PROVISIONING_PROFILE_SPECIFIER[sdk=iphoneos*]" = "match AppStore com.reesedevelopment.YTS";
				SWIFT_VERSION = 5.0;
				TARGETED_DEVICE_FAMILY = 1;
				VERSIONING_SYSTEM = "apple-generic";
			};
			name = Release;
		};
/* End XCBuildConfiguration section */

/* Begin XCConfigurationList section */
		088A9CFB287F870C009D28EB /* Build configuration list for PBXNativeTarget "NotificationModifier" */ = {
			isa = XCConfigurationList;
			buildConfigurations = (
				088A9CFC287F870C009D28EB /* Debug */,
				088A9CFD287F870C009D28EB /* Firebase Emulators */,
				088A9CFE287F870C009D28EB /* Release */,
			);
			defaultConfigurationIsVisible = 0;
			defaultConfigurationName = Release;
		};
		B12AB828273B103C00B17CC0 /* Build configuration list for PBXProject "Yeshivat Torat Shraga" */ = {
			isa = XCConfigurationList;
			buildConfigurations = (
				B12AB842273B104300B17CC0 /* Debug */,
				08A05B2627655B0200FEE15F /* Firebase Emulators */,
				B12AB843273B104300B17CC0 /* Release */,
			);
			defaultConfigurationIsVisible = 0;
			defaultConfigurationName = Release;
		};
		B12AB844273B104300B17CC0 /* Build configuration list for PBXNativeTarget "Yeshivat Torat Shraga" */ = {
			isa = XCConfigurationList;
			buildConfigurations = (
				B12AB845273B104300B17CC0 /* Debug */,
				08A05B2727655B0200FEE15F /* Firebase Emulators */,
				B12AB846273B104300B17CC0 /* Release */,
			);
			defaultConfigurationIsVisible = 0;
			defaultConfigurationName = Release;
		};
/* End XCConfigurationList section */

/* Begin XCRemoteSwiftPackageReference section */
		0827C1E2283A35CE00566B04 /* XCRemoteSwiftPackageReference "MarkdownUI" */ = {
			isa = XCRemoteSwiftPackageReference;
			repositoryURL = "https://github.com/gonzalezreal/MarkdownUI.git";
			requirement = {
				kind = upToNextMajorVersion;
				minimumVersion = 1.0.0;
			};
		};
		F25AEDEE27FECCFD00DCB79F /* XCRemoteSwiftPackageReference "firebase-ios-sdk" */ = {
			isa = XCRemoteSwiftPackageReference;
			repositoryURL = "https://github.com/firebase/firebase-ios-sdk";
			requirement = {
				kind = upToNextMajorVersion;
				minimumVersion = 8.0.0;
			};
		};
		F25AEDFB27FECEEB00DCB79F /* XCRemoteSwiftPackageReference "SwiftyGif" */ = {
			isa = XCRemoteSwiftPackageReference;
			repositoryURL = "https://github.com/kirualex/SwiftyGif.git";
			requirement = {
				kind = upToNextMajorVersion;
				minimumVersion = 5.0.0;
			};
		};
/* End XCRemoteSwiftPackageReference section */

/* Begin XCSwiftPackageProductDependency section */
		08173F0A2840B7C7004FC42F /* FirebaseAuth */ = {
			isa = XCSwiftPackageProductDependency;
			package = F25AEDEE27FECCFD00DCB79F /* XCRemoteSwiftPackageReference "firebase-ios-sdk" */;
			productName = FirebaseAuth;
		};
		0827C1E3283A35CE00566B04 /* MarkdownUI */ = {
			isa = XCSwiftPackageProductDependency;
			package = 0827C1E2283A35CE00566B04 /* XCRemoteSwiftPackageReference "MarkdownUI" */;
			productName = MarkdownUI;
		};
		F25AEDEF27FECCFD00DCB79F /* FirebaseAnalytics */ = {
			isa = XCSwiftPackageProductDependency;
			package = F25AEDEE27FECCFD00DCB79F /* XCRemoteSwiftPackageReference "firebase-ios-sdk" */;
			productName = FirebaseAnalytics;
		};
		F25AEDF127FECCFD00DCB79F /* FirebaseAppCheck */ = {
			isa = XCSwiftPackageProductDependency;
			package = F25AEDEE27FECCFD00DCB79F /* XCRemoteSwiftPackageReference "firebase-ios-sdk" */;
			productName = FirebaseAppCheck;
		};
		F25AEDF327FECCFD00DCB79F /* FirebaseDynamicLinks */ = {
			isa = XCSwiftPackageProductDependency;
			package = F25AEDEE27FECCFD00DCB79F /* XCRemoteSwiftPackageReference "firebase-ios-sdk" */;
			productName = FirebaseDynamicLinks;
		};
		F25AEDF527FECCFD00DCB79F /* FirebaseFirestore */ = {
			isa = XCSwiftPackageProductDependency;
			package = F25AEDEE27FECCFD00DCB79F /* XCRemoteSwiftPackageReference "firebase-ios-sdk" */;
			productName = FirebaseFirestore;
		};
		F25AEDF727FECCFD00DCB79F /* FirebaseFunctions */ = {
			isa = XCSwiftPackageProductDependency;
			package = F25AEDEE27FECCFD00DCB79F /* XCRemoteSwiftPackageReference "firebase-ios-sdk" */;
			productName = FirebaseFunctions;
		};
		F25AEDF927FECCFD00DCB79F /* FirebaseStorage */ = {
			isa = XCSwiftPackageProductDependency;
			package = F25AEDEE27FECCFD00DCB79F /* XCRemoteSwiftPackageReference "firebase-ios-sdk" */;
			productName = FirebaseStorage;
		};
		F25AEDFC27FECEEB00DCB79F /* SwiftyGif */ = {
			isa = XCSwiftPackageProductDependency;
			package = F25AEDFB27FECEEB00DCB79F /* XCRemoteSwiftPackageReference "SwiftyGif" */;
			productName = SwiftyGif;
		};
		F25AEDFE27FECF8400DCB79F /* FirebaseMessaging */ = {
			isa = XCSwiftPackageProductDependency;
			package = F25AEDEE27FECCFD00DCB79F /* XCRemoteSwiftPackageReference "firebase-ios-sdk" */;
			productName = FirebaseMessaging;
		};
/* End XCSwiftPackageProductDependency section */

/* Begin XCVersionGroup section */
		B12AB836273B103C00B17CC0 /* Yeshivat_Torat_Shraga.xcdatamodeld */ = {
			isa = XCVersionGroup;
			children = (
				B12AB837273B103C00B17CC0 /* Yeshivat_Torat_Shraga.xcdatamodel */,
			);
			currentVersion = B12AB837273B103C00B17CC0 /* Yeshivat_Torat_Shraga.xcdatamodel */;
			path = Yeshivat_Torat_Shraga.xcdatamodeld;
			sourceTree = "<group>";
			versionGroupType = wrapper.xcdatamodel;
		};
/* End XCVersionGroup section */
	};
	rootObject = B12AB825273B103C00B17CC0 /* Project object */;
}
